// !$*UTF8*$!
{
	archiveVersion = 1;
	classes = {
	};
	objectVersion = 50;
	objects = {

/* Begin PBXBuildFile section */
		470CE941250FEC3C0040079E /* SignatureView.swift in Sources */ = {isa = PBXBuildFile; fileRef = 470CE940250FEC3C0040079E /* SignatureView.swift */; };
		472C3F51251E7A0500C79280 /* ThicknessView.swift in Sources */ = {isa = PBXBuildFile; fileRef = 472C3F50251E7A0500C79280 /* ThicknessView.swift */; };
		472C3F5425238A5C00C79280 /* Note.swift in Sources */ = {isa = PBXBuildFile; fileRef = 472C3F5325238A5C00C79280 /* Note.swift */; };
		47329BA5251B604C00C45143 /* TextView.swift in Sources */ = {isa = PBXBuildFile; fileRef = 47329BA4251B604B00C45143 /* TextView.swift */; };
		47329BA8251B6F3500C45143 /* ShapeView.swift in Sources */ = {isa = PBXBuildFile; fileRef = 47329BA7251B6F3500C45143 /* ShapeView.swift */; };
		47329BAC251B773300C45143 /* SignatureImageView.swift in Sources */ = {isa = PBXBuildFile; fileRef = 47329BAB251B773300C45143 /* SignatureImageView.swift */; };
		473741D425025FB300D42A5A /* ColorButton.swift in Sources */ = {isa = PBXBuildFile; fileRef = 473741D325025FB300D42A5A /* ColorButton.swift */; };
		473741D62503AB3700D42A5A /* OpacityButton.swift in Sources */ = {isa = PBXBuildFile; fileRef = 473741D52503AB3700D42A5A /* OpacityButton.swift */; };
		4742553A24E533DC00D31DD5 /* HighlightController.swift in Sources */ = {isa = PBXBuildFile; fileRef = 4742553924E533DC00D31DD5 /* HighlightController.swift */; };
		4742553C24E6B03300D31DD5 /* ShapesController.swift in Sources */ = {isa = PBXBuildFile; fileRef = 4742553B24E6B03300D31DD5 /* ShapesController.swift */; };
		4742553E24EBE4E600D31DD5 /* TextController.swift in Sources */ = {isa = PBXBuildFile; fileRef = 4742553D24EBE4E600D31DD5 /* TextController.swift */; };
		4742554024EC67CA00D31DD5 /* NoteController.swift in Sources */ = {isa = PBXBuildFile; fileRef = 4742553F24EC67CA00D31DD5 /* NoteController.swift */; };
		4742557E24EC73D900D31DD5 /* clock-face-eight-oclock_1f557.png in Resources */ = {isa = PBXBuildFile; fileRef = 4742554224EC73D800D31DD5 /* clock-face-eight-oclock_1f557.png */; };
		4742557F24EC73D900D31DD5 /* keycap-digit-six_36-fe0f-20e3.png in Resources */ = {isa = PBXBuildFile; fileRef = 4742554324EC73D800D31DD5 /* keycap-digit-six_36-fe0f-20e3.png */; };
		4742558024EC73D900D31DD5 /* downwards-black-arrow_2b07.png in Resources */ = {isa = PBXBuildFile; fileRef = 4742554424EC73D800D31DD5 /* downwards-black-arrow_2b07.png */; };
		4742558124EC73D900D31DD5 /* keycap-digit-three_33-fe0f-20e3.png in Resources */ = {isa = PBXBuildFile; fileRef = 4742554524EC73D800D31DD5 /* keycap-digit-three_33-fe0f-20e3.png */; };
		4742558224EC73D900D31DD5 /* clock-face-ten-thirty_1f565.png in Resources */ = {isa = PBXBuildFile; fileRef = 4742554624EC73D800D31DD5 /* clock-face-ten-thirty_1f565.png */; };
		4742558324EC73D900D31DD5 /* south-east-arrow_2198.png in Resources */ = {isa = PBXBuildFile; fileRef = 4742554724EC73D800D31DD5 /* south-east-arrow_2198.png */; };
		4742558424EC73D900D31DD5 /* black-rightwards-arrow_27a1.png in Resources */ = {isa = PBXBuildFile; fileRef = 4742554824EC73D800D31DD5 /* black-rightwards-arrow_27a1.png */; };
		4742558524EC73D900D31DD5 /* keycap-ten_1f51f.png in Resources */ = {isa = PBXBuildFile; fileRef = 4742554924EC73D800D31DD5 /* keycap-ten_1f51f.png */; };
		4742558624EC73D900D31DD5 /* white-heavy-check-mark_2705.png in Resources */ = {isa = PBXBuildFile; fileRef = 4742554A24EC73D800D31DD5 /* white-heavy-check-mark_2705.png */; };
		4742558724EC73D900D31DD5 /* clock-face-seven-oclock_1f556.png in Resources */ = {isa = PBXBuildFile; fileRef = 4742554B24EC73D800D31DD5 /* clock-face-seven-oclock_1f556.png */; };
		4742558824EC73D900D31DD5 /* clock-face-twelve-thirty_1f567.png in Resources */ = {isa = PBXBuildFile; fileRef = 4742554C24EC73D800D31DD5 /* clock-face-twelve-thirty_1f567.png */; };
		4742558924EC73D900D31DD5 /* clock-face-one-oclock_1f550.png in Resources */ = {isa = PBXBuildFile; fileRef = 4742554D24EC73D800D31DD5 /* clock-face-one-oclock_1f550.png */; };
		4742558A24EC73D900D31DD5 /* upwards-black-arrow_2b06.png in Resources */ = {isa = PBXBuildFile; fileRef = 4742554E24EC73D800D31DD5 /* upwards-black-arrow_2b06.png */; };
		4742558B24EC73D900D31DD5 /* double-exclamation-mark_203c.png in Resources */ = {isa = PBXBuildFile; fileRef = 4742554F24EC73D800D31DD5 /* double-exclamation-mark_203c.png */; };
		4742558C24EC73D900D31DD5 /* keycap-digit-two_32-fe0f-20e3.png in Resources */ = {isa = PBXBuildFile; fileRef = 4742555024EC73D800D31DD5 /* keycap-digit-two_32-fe0f-20e3.png */; };
		4742558D24EC73D900D31DD5 /* thumbs-down-sign_1f44e.png in Resources */ = {isa = PBXBuildFile; fileRef = 4742555124EC73D800D31DD5 /* thumbs-down-sign_1f44e.png */; };
		4742558E24EC73D900D31DD5 /* clock-face-four-oclock_1f553.png in Resources */ = {isa = PBXBuildFile; fileRef = 4742555224EC73D800D31DD5 /* clock-face-four-oclock_1f553.png */; };
		4742558F24EC73D900D31DD5 /* clock-face-seven-thirty_1f562.png in Resources */ = {isa = PBXBuildFile; fileRef = 4742555324EC73D800D31DD5 /* clock-face-seven-thirty_1f562.png */; };
		4742559024EC73D900D31DD5 /* clock-face-nine-oclock_1f558.png in Resources */ = {isa = PBXBuildFile; fileRef = 4742555424EC73D800D31DD5 /* clock-face-nine-oclock_1f558.png */; };
		4742559124EC73D900D31DD5 /* exclamation-question-mark_2049.png in Resources */ = {isa = PBXBuildFile; fileRef = 4742555524EC73D800D31DD5 /* exclamation-question-mark_2049.png */; };
		4742559224EC73D900D31DD5 /* keycap-digit-seven_37-fe0f-20e3.png in Resources */ = {isa = PBXBuildFile; fileRef = 4742555624EC73D800D31DD5 /* keycap-digit-seven_37-fe0f-20e3.png */; };
		4742559324EC73D900D31DD5 /* north-east-arrow_2197.png in Resources */ = {isa = PBXBuildFile; fileRef = 4742555724EC73D800D31DD5 /* north-east-arrow_2197.png */; };
		4742559424EC73D900D31DD5 /* thumbs-up-sign_1f44d.png in Resources */ = {isa = PBXBuildFile; fileRef = 4742555824EC73D800D31DD5 /* thumbs-up-sign_1f44d.png */; };
		4742559524EC73D900D31DD5 /* earth-globe-asia-australia_1f30f.png in Resources */ = {isa = PBXBuildFile; fileRef = 4742555924EC73D800D31DD5 /* earth-globe-asia-australia_1f30f.png */; };
		4742559624EC73D900D31DD5 /* keycap-digit-nine_39-fe0f-20e3.png in Resources */ = {isa = PBXBuildFile; fileRef = 4742555A24EC73D800D31DD5 /* keycap-digit-nine_39-fe0f-20e3.png */; };
		4742559724EC73D900D31DD5 /* clock-face-eight-thirty_1f563.png in Resources */ = {isa = PBXBuildFile; fileRef = 4742555B24EC73D800D31DD5 /* clock-face-eight-thirty_1f563.png */; };
		4742559824EC73D900D31DD5 /* clock-face-twelve-oclock_1f55b.png in Resources */ = {isa = PBXBuildFile; fileRef = 4742555C24EC73D800D31DD5 /* clock-face-twelve-oclock_1f55b.png */; };
		4742559924EC73D900D31DD5 /* black-question-mark-ornament_2753.png in Resources */ = {isa = PBXBuildFile; fileRef = 4742555D24EC73D800D31DD5 /* black-question-mark-ornament_2753.png */; };
		4742559A24EC73D900D31DD5 /* earth-globe-europe-africa_1f30d.png in Resources */ = {isa = PBXBuildFile; fileRef = 4742555E24EC73D800D31DD5 /* earth-globe-europe-africa_1f30d.png */; };
		4742559B24EC73D900D31DD5 /* clock-face-three-oclock_1f552.png in Resources */ = {isa = PBXBuildFile; fileRef = 4742555F24EC73D800D31DD5 /* clock-face-three-oclock_1f552.png */; };
		4742559C24EC73D900D31DD5 /* clock-face-two-thirty_1f55d.png in Resources */ = {isa = PBXBuildFile; fileRef = 4742556024EC73D800D31DD5 /* clock-face-two-thirty_1f55d.png */; };
		4742559D24EC73D900D31DD5 /* clock-face-eleven-oclock_1f55a.png in Resources */ = {isa = PBXBuildFile; fileRef = 4742556124EC73D800D31DD5 /* clock-face-eleven-oclock_1f55a.png */; };
		4742559E24EC73D900D31DD5 /* heavy-exclamation-mark-symbol_2757.png in Resources */ = {isa = PBXBuildFile; fileRef = 4742556224EC73D800D31DD5 /* heavy-exclamation-mark-symbol_2757.png */; };
		4742559F24EC73D900D31DD5 /* cross-mark_274c.png in Resources */ = {isa = PBXBuildFile; fileRef = 4742556324EC73D800D31DD5 /* cross-mark_274c.png */; };
		474255A024EC73D900D31DD5 /* keycap-digit-one_31-fe0f-20e3.png in Resources */ = {isa = PBXBuildFile; fileRef = 4742556424EC73D800D31DD5 /* keycap-digit-one_31-fe0f-20e3.png */; };
		474255A124EC73D900D31DD5 /* no-entry_26d4.png in Resources */ = {isa = PBXBuildFile; fileRef = 4742556524EC73D800D31DD5 /* no-entry_26d4.png */; };
		474255A224EC73D900D31DD5 /* black-heart-suit_2665.png in Resources */ = {isa = PBXBuildFile; fileRef = 4742556624EC73D800D31DD5 /* black-heart-suit_2665.png */; };
		474255A324EC73D900D31DD5 /* clock-face-six-oclock_1f555.png in Resources */ = {isa = PBXBuildFile; fileRef = 4742556724EC73D800D31DD5 /* clock-face-six-oclock_1f555.png */; };
		474255A424EC73D900D31DD5 /* clock-face-five-oclock_1f554.png in Resources */ = {isa = PBXBuildFile; fileRef = 4742556824EC73D800D31DD5 /* clock-face-five-oclock_1f554.png */; };
		474255A524EC73D900D31DD5 /* north-west-arrow_2196.png in Resources */ = {isa = PBXBuildFile; fileRef = 4742556924EC73D800D31DD5 /* north-west-arrow_2196.png */; };
		474255A624EC73D900D31DD5 /* clock-face-one-thirty_1f55c.png in Resources */ = {isa = PBXBuildFile; fileRef = 4742556A24EC73D800D31DD5 /* clock-face-one-thirty_1f55c.png */; };
		474255A724EC73D900D31DD5 /* clock-face-ten-oclock_1f559.png in Resources */ = {isa = PBXBuildFile; fileRef = 4742556B24EC73D800D31DD5 /* clock-face-ten-oclock_1f559.png */; };
		474255A824EC73D900D31DD5 /* clock-face-eleven-thirty_1f566.png in Resources */ = {isa = PBXBuildFile; fileRef = 4742556C24EC73D800D31DD5 /* clock-face-eleven-thirty_1f566.png */; };
		474255A924EC73D900D31DD5 /* pencil_270f.png in Resources */ = {isa = PBXBuildFile; fileRef = 4742556D24EC73D800D31DD5 /* pencil_270f.png */; };
		474255AA24EC73D900D31DD5 /* clock-face-five-thirty_1f560.png in Resources */ = {isa = PBXBuildFile; fileRef = 4742556E24EC73D800D31DD5 /* clock-face-five-thirty_1f560.png */; };
		474255AB24EC73D900D31DD5 /* earth-globe-americas_1f30e.png in Resources */ = {isa = PBXBuildFile; fileRef = 4742556F24EC73D800D31DD5 /* earth-globe-americas_1f30e.png */; };
		474255AC24EC73D900D31DD5 /* clock-face-three-thirty_1f55e.png in Resources */ = {isa = PBXBuildFile; fileRef = 4742557024EC73D800D31DD5 /* clock-face-three-thirty_1f55e.png */; };
		474255AD24EC73D900D31DD5 /* lower-left-ballpoint-pen_1f58a.png in Resources */ = {isa = PBXBuildFile; fileRef = 4742557124EC73D800D31DD5 /* lower-left-ballpoint-pen_1f58a.png */; };
		474255AE24EC73D900D31DD5 /* clock-face-two-oclock_1f551.png in Resources */ = {isa = PBXBuildFile; fileRef = 4742557224EC73D800D31DD5 /* clock-face-two-oclock_1f551.png */; };
		474255AF24EC73D900D31DD5 /* keycap-digit-four_34-fe0f-20e3.png in Resources */ = {isa = PBXBuildFile; fileRef = 4742557324EC73D800D31DD5 /* keycap-digit-four_34-fe0f-20e3.png */; };
		474255B024EC73D900D31DD5 /* lower-left-crayon_1f58d.png in Resources */ = {isa = PBXBuildFile; fileRef = 4742557424EC73D800D31DD5 /* lower-left-crayon_1f58d.png */; };
		474255B124EC73D900D31DD5 /* clock-face-six-thirty_1f561.png in Resources */ = {isa = PBXBuildFile; fileRef = 4742557524EC73D800D31DD5 /* clock-face-six-thirty_1f561.png */; };
		474255B224EC73D900D31DD5 /* keycap-digit-eight_38-fe0f-20e3.png in Resources */ = {isa = PBXBuildFile; fileRef = 4742557624EC73D800D31DD5 /* keycap-digit-eight_38-fe0f-20e3.png */; };
		474255B324EC73D900D31DD5 /* south-west-arrow_2199.png in Resources */ = {isa = PBXBuildFile; fileRef = 4742557724EC73D800D31DD5 /* south-west-arrow_2199.png */; };
		474255B424EC73D900D31DD5 /* clock-face-nine-thirty_1f564.png in Resources */ = {isa = PBXBuildFile; fileRef = 4742557824EC73D800D31DD5 /* clock-face-nine-thirty_1f564.png */; };
		474255B524EC73D900D31DD5 /* warning-sign_26a0.png in Resources */ = {isa = PBXBuildFile; fileRef = 4742557924EC73D800D31DD5 /* warning-sign_26a0.png */; };
		474255B624EC73D900D31DD5 /* keycap-digit-zero_30-fe0f-20e3.png in Resources */ = {isa = PBXBuildFile; fileRef = 4742557A24EC73D800D31DD5 /* keycap-digit-zero_30-fe0f-20e3.png */; };
		474255B724EC73D900D31DD5 /* leftwards-black-arrow_2b05.png in Resources */ = {isa = PBXBuildFile; fileRef = 4742557B24EC73D800D31DD5 /* leftwards-black-arrow_2b05.png */; };
		474255B824EC73D900D31DD5 /* clock-face-four-thirty_1f55f.png in Resources */ = {isa = PBXBuildFile; fileRef = 4742557C24EC73D800D31DD5 /* clock-face-four-thirty_1f55f.png */; };
		474255B924EC73D900D31DD5 /* keycap-digit-five_35-fe0f-20e3.png in Resources */ = {isa = PBXBuildFile; fileRef = 4742557D24EC73D800D31DD5 /* keycap-digit-five_35-fe0f-20e3.png */; };
		474255BB24EC946600D31DD5 /* StickesrController.swift in Sources */ = {isa = PBXBuildFile; fileRef = 474255BA24EC946600D31DD5 /* StickesrController.swift */; };
		474255BD24ECBAEA00D31DD5 /* StickerCell.swift in Sources */ = {isa = PBXBuildFile; fileRef = 474255BC24ECBAEA00D31DD5 /* StickerCell.swift */; };
		476BB45225010C1800EA2FC5 /* AnnotationView.swift in Sources */ = {isa = PBXBuildFile; fileRef = 476BB45125010C1800EA2FC5 /* AnnotationView.swift */; };
		477026F924ED7430004593BC /* SignatureController.swift in Sources */ = {isa = PBXBuildFile; fileRef = 477026F824ED7430004593BC /* SignatureController.swift */; };
		477026FB24EDA02B004593BC /* StickerImageView.swift in Sources */ = {isa = PBXBuildFile; fileRef = 477026FA24EDA02B004593BC /* StickerImageView.swift */; };
		477CE60924A9FCEF0018A642 /* AppDelegate.swift in Sources */ = {isa = PBXBuildFile; fileRef = 477CE60824A9FCEF0018A642 /* AppDelegate.swift */; };
		477CE60B24A9FCEF0018A642 /* SceneDelegate.swift in Sources */ = {isa = PBXBuildFile; fileRef = 477CE60A24A9FCEF0018A642 /* SceneDelegate.swift */; };
		477CE60D24A9FCEF0018A642 /* AnnotationController.swift in Sources */ = {isa = PBXBuildFile; fileRef = 477CE60C24A9FCEF0018A642 /* AnnotationController.swift */; };
		477CE61024A9FCEF0018A642 /* Main.storyboard in Resources */ = {isa = PBXBuildFile; fileRef = 477CE60E24A9FCEF0018A642 /* Main.storyboard */; };
		477CE61324A9FCEF0018A642 /* SimpleAnnotation.xcdatamodeld in Sources */ = {isa = PBXBuildFile; fileRef = 477CE61124A9FCEF0018A642 /* SimpleAnnotation.xcdatamodeld */; };
		477CE61524A9FCF30018A642 /* Assets.xcassets in Resources */ = {isa = PBXBuildFile; fileRef = 477CE61424A9FCF30018A642 /* Assets.xcassets */; };
		477CE61824A9FCF30018A642 /* LaunchScreen.storyboard in Resources */ = {isa = PBXBuildFile; fileRef = 477CE61624A9FCF30018A642 /* LaunchScreen.storyboard */; };
		477CE62024AA045E0018A642 /* PenController.swift in Sources */ = {isa = PBXBuildFile; fileRef = 477CE61F24AA045E0018A642 /* PenController.swift */; };
		477CE62224AA04830018A642 /* MarkerController.swift in Sources */ = {isa = PBXBuildFile; fileRef = 477CE62124AA04830018A642 /* MarkerController.swift */; };
		477CE62424AA04AD0018A642 /* Line.swift in Sources */ = {isa = PBXBuildFile; fileRef = 477CE62324AA04AD0018A642 /* Line.swift */; };
		477CE62624AA04D40018A642 /* CanvasView.swift in Sources */ = {isa = PBXBuildFile; fileRef = 477CE62524AA04D40018A642 /* CanvasView.swift */; };
		477CE62824AA1A9B0018A642 /* Extensions.swift in Sources */ = {isa = PBXBuildFile; fileRef = 477CE62724AA1A9B0018A642 /* Extensions.swift */; };
		477CE62B24AA484F0018A642 /* sample.pdf in Resources */ = {isa = PBXBuildFile; fileRef = 477CE62A24AA484F0018A642 /* sample.pdf */; };
		477CE62D24AA4AAE0018A642 /* Constants.swift in Sources */ = {isa = PBXBuildFile; fileRef = 477CE62C24AA4AAE0018A642 /* Constants.swift */; };
		477CE62F24AB618A0018A642 /* TestController.swift in Sources */ = {isa = PBXBuildFile; fileRef = 477CE62E24AB618A0018A642 /* TestController.swift */; };
		477CE63324B34CC70018A642 /* SimpleCanvasView.swift in Sources */ = {isa = PBXBuildFile; fileRef = 477CE63224B34CC70018A642 /* SimpleCanvasView.swift */; };
		477CE63524B367E50018A642 /* CachedCanvasView.swift in Sources */ = {isa = PBXBuildFile; fileRef = 477CE63424B367E50018A642 /* CachedCanvasView.swift */; };
		477CE63724B372F60018A642 /* ImprovedCanvasView.swift in Sources */ = {isa = PBXBuildFile; fileRef = 477CE63624B372F60018A642 /* ImprovedCanvasView.swift */; };
		477CE63924B3789B0018A642 /* SmoothedCanvasView.swift in Sources */ = {isa = PBXBuildFile; fileRef = 477CE63824B3789B0018A642 /* SmoothedCanvasView.swift */; };
		477CE63B24B37B9A0018A642 /* TestCanvasView.swift in Sources */ = {isa = PBXBuildFile; fileRef = 477CE63A24B37B9A0018A642 /* TestCanvasView.swift */; };
		47A199362516635300B222E2 /* EnterTextController.swift in Sources */ = {isa = PBXBuildFile; fileRef = 47A199352516635300B222E2 /* EnterTextController.swift */; };
		47A199392519078600B222E2 /* NoteImageView.swift in Sources */ = {isa = PBXBuildFile; fileRef = 47A199382519078600B222E2 /* NoteImageView.swift */; };
		47A1993D2519344400B222E2 /* EditableView.swift in Sources */ = {isa = PBXBuildFile; fileRef = 47A1993C2519344400B222E2 /* EditableView.swift */; };
		47A19941251A3DC100B222E2 /* EditableImageView.swift in Sources */ = {isa = PBXBuildFile; fileRef = 47A19940251A3DC100B222E2 /* EditableImageView.swift */; };
/* End PBXBuildFile section */

/* Begin PBXFileReference section */
		470CE940250FEC3C0040079E /* SignatureView.swift */ = {isa = PBXFileReference; lastKnownFileType = sourcecode.swift; path = SignatureView.swift; sourceTree = "<group>"; };
		472C3F50251E7A0500C79280 /* ThicknessView.swift */ = {isa = PBXFileReference; lastKnownFileType = sourcecode.swift; path = ThicknessView.swift; sourceTree = "<group>"; };
		472C3F5325238A5C00C79280 /* Note.swift */ = {isa = PBXFileReference; lastKnownFileType = sourcecode.swift; path = Note.swift; sourceTree = "<group>"; };
		47329BA4251B604B00C45143 /* TextView.swift */ = {isa = PBXFileReference; lastKnownFileType = sourcecode.swift; path = TextView.swift; sourceTree = "<group>"; };
		47329BA7251B6F3500C45143 /* ShapeView.swift */ = {isa = PBXFileReference; lastKnownFileType = sourcecode.swift; path = ShapeView.swift; sourceTree = "<group>"; };
		47329BAB251B773300C45143 /* SignatureImageView.swift */ = {isa = PBXFileReference; lastKnownFileType = sourcecode.swift; path = SignatureImageView.swift; sourceTree = "<group>"; };
		473741D325025FB300D42A5A /* ColorButton.swift */ = {isa = PBXFileReference; lastKnownFileType = sourcecode.swift; path = ColorButton.swift; sourceTree = "<group>"; };
		473741D52503AB3700D42A5A /* OpacityButton.swift */ = {isa = PBXFileReference; lastKnownFileType = sourcecode.swift; path = OpacityButton.swift; sourceTree = "<group>"; };
		4742553924E533DC00D31DD5 /* HighlightController.swift */ = {isa = PBXFileReference; lastKnownFileType = sourcecode.swift; path = HighlightController.swift; sourceTree = "<group>"; };
		4742553B24E6B03300D31DD5 /* ShapesController.swift */ = {isa = PBXFileReference; lastKnownFileType = sourcecode.swift; path = ShapesController.swift; sourceTree = "<group>"; };
		4742553D24EBE4E600D31DD5 /* TextController.swift */ = {isa = PBXFileReference; lastKnownFileType = sourcecode.swift; path = TextController.swift; sourceTree = "<group>"; };
		4742553F24EC67CA00D31DD5 /* NoteController.swift */ = {isa = PBXFileReference; lastKnownFileType = sourcecode.swift; path = NoteController.swift; sourceTree = "<group>"; };
		4742554224EC73D800D31DD5 /* clock-face-eight-oclock_1f557.png */ = {isa = PBXFileReference; lastKnownFileType = image.png; path = "clock-face-eight-oclock_1f557.png"; sourceTree = "<group>"; };
		4742554324EC73D800D31DD5 /* keycap-digit-six_36-fe0f-20e3.png */ = {isa = PBXFileReference; lastKnownFileType = image.png; path = "keycap-digit-six_36-fe0f-20e3.png"; sourceTree = "<group>"; };
		4742554424EC73D800D31DD5 /* downwards-black-arrow_2b07.png */ = {isa = PBXFileReference; lastKnownFileType = image.png; path = "downwards-black-arrow_2b07.png"; sourceTree = "<group>"; };
		4742554524EC73D800D31DD5 /* keycap-digit-three_33-fe0f-20e3.png */ = {isa = PBXFileReference; lastKnownFileType = image.png; path = "keycap-digit-three_33-fe0f-20e3.png"; sourceTree = "<group>"; };
		4742554624EC73D800D31DD5 /* clock-face-ten-thirty_1f565.png */ = {isa = PBXFileReference; lastKnownFileType = image.png; path = "clock-face-ten-thirty_1f565.png"; sourceTree = "<group>"; };
		4742554724EC73D800D31DD5 /* south-east-arrow_2198.png */ = {isa = PBXFileReference; lastKnownFileType = image.png; path = "south-east-arrow_2198.png"; sourceTree = "<group>"; };
		4742554824EC73D800D31DD5 /* black-rightwards-arrow_27a1.png */ = {isa = PBXFileReference; lastKnownFileType = image.png; path = "black-rightwards-arrow_27a1.png"; sourceTree = "<group>"; };
		4742554924EC73D800D31DD5 /* keycap-ten_1f51f.png */ = {isa = PBXFileReference; lastKnownFileType = image.png; path = "keycap-ten_1f51f.png"; sourceTree = "<group>"; };
		4742554A24EC73D800D31DD5 /* white-heavy-check-mark_2705.png */ = {isa = PBXFileReference; lastKnownFileType = image.png; path = "white-heavy-check-mark_2705.png"; sourceTree = "<group>"; };
		4742554B24EC73D800D31DD5 /* clock-face-seven-oclock_1f556.png */ = {isa = PBXFileReference; lastKnownFileType = image.png; path = "clock-face-seven-oclock_1f556.png"; sourceTree = "<group>"; };
		4742554C24EC73D800D31DD5 /* clock-face-twelve-thirty_1f567.png */ = {isa = PBXFileReference; lastKnownFileType = image.png; path = "clock-face-twelve-thirty_1f567.png"; sourceTree = "<group>"; };
		4742554D24EC73D800D31DD5 /* clock-face-one-oclock_1f550.png */ = {isa = PBXFileReference; lastKnownFileType = image.png; path = "clock-face-one-oclock_1f550.png"; sourceTree = "<group>"; };
		4742554E24EC73D800D31DD5 /* upwards-black-arrow_2b06.png */ = {isa = PBXFileReference; lastKnownFileType = image.png; path = "upwards-black-arrow_2b06.png"; sourceTree = "<group>"; };
		4742554F24EC73D800D31DD5 /* double-exclamation-mark_203c.png */ = {isa = PBXFileReference; lastKnownFileType = image.png; path = "double-exclamation-mark_203c.png"; sourceTree = "<group>"; };
		4742555024EC73D800D31DD5 /* keycap-digit-two_32-fe0f-20e3.png */ = {isa = PBXFileReference; lastKnownFileType = image.png; path = "keycap-digit-two_32-fe0f-20e3.png"; sourceTree = "<group>"; };
		4742555124EC73D800D31DD5 /* thumbs-down-sign_1f44e.png */ = {isa = PBXFileReference; lastKnownFileType = image.png; path = "thumbs-down-sign_1f44e.png"; sourceTree = "<group>"; };
		4742555224EC73D800D31DD5 /* clock-face-four-oclock_1f553.png */ = {isa = PBXFileReference; lastKnownFileType = image.png; path = "clock-face-four-oclock_1f553.png"; sourceTree = "<group>"; };
		4742555324EC73D800D31DD5 /* clock-face-seven-thirty_1f562.png */ = {isa = PBXFileReference; lastKnownFileType = image.png; path = "clock-face-seven-thirty_1f562.png"; sourceTree = "<group>"; };
		4742555424EC73D800D31DD5 /* clock-face-nine-oclock_1f558.png */ = {isa = PBXFileReference; lastKnownFileType = image.png; path = "clock-face-nine-oclock_1f558.png"; sourceTree = "<group>"; };
		4742555524EC73D800D31DD5 /* exclamation-question-mark_2049.png */ = {isa = PBXFileReference; lastKnownFileType = image.png; path = "exclamation-question-mark_2049.png"; sourceTree = "<group>"; };
		4742555624EC73D800D31DD5 /* keycap-digit-seven_37-fe0f-20e3.png */ = {isa = PBXFileReference; lastKnownFileType = image.png; path = "keycap-digit-seven_37-fe0f-20e3.png"; sourceTree = "<group>"; };
		4742555724EC73D800D31DD5 /* north-east-arrow_2197.png */ = {isa = PBXFileReference; lastKnownFileType = image.png; path = "north-east-arrow_2197.png"; sourceTree = "<group>"; };
		4742555824EC73D800D31DD5 /* thumbs-up-sign_1f44d.png */ = {isa = PBXFileReference; lastKnownFileType = image.png; path = "thumbs-up-sign_1f44d.png"; sourceTree = "<group>"; };
		4742555924EC73D800D31DD5 /* earth-globe-asia-australia_1f30f.png */ = {isa = PBXFileReference; lastKnownFileType = image.png; path = "earth-globe-asia-australia_1f30f.png"; sourceTree = "<group>"; };
		4742555A24EC73D800D31DD5 /* keycap-digit-nine_39-fe0f-20e3.png */ = {isa = PBXFileReference; lastKnownFileType = image.png; path = "keycap-digit-nine_39-fe0f-20e3.png"; sourceTree = "<group>"; };
		4742555B24EC73D800D31DD5 /* clock-face-eight-thirty_1f563.png */ = {isa = PBXFileReference; lastKnownFileType = image.png; path = "clock-face-eight-thirty_1f563.png"; sourceTree = "<group>"; };
		4742555C24EC73D800D31DD5 /* clock-face-twelve-oclock_1f55b.png */ = {isa = PBXFileReference; lastKnownFileType = image.png; path = "clock-face-twelve-oclock_1f55b.png"; sourceTree = "<group>"; };
		4742555D24EC73D800D31DD5 /* black-question-mark-ornament_2753.png */ = {isa = PBXFileReference; lastKnownFileType = image.png; path = "black-question-mark-ornament_2753.png"; sourceTree = "<group>"; };
		4742555E24EC73D800D31DD5 /* earth-globe-europe-africa_1f30d.png */ = {isa = PBXFileReference; lastKnownFileType = image.png; path = "earth-globe-europe-africa_1f30d.png"; sourceTree = "<group>"; };
		4742555F24EC73D800D31DD5 /* clock-face-three-oclock_1f552.png */ = {isa = PBXFileReference; lastKnownFileType = image.png; path = "clock-face-three-oclock_1f552.png"; sourceTree = "<group>"; };
		4742556024EC73D800D31DD5 /* clock-face-two-thirty_1f55d.png */ = {isa = PBXFileReference; lastKnownFileType = image.png; path = "clock-face-two-thirty_1f55d.png"; sourceTree = "<group>"; };
		4742556124EC73D800D31DD5 /* clock-face-eleven-oclock_1f55a.png */ = {isa = PBXFileReference; lastKnownFileType = image.png; path = "clock-face-eleven-oclock_1f55a.png"; sourceTree = "<group>"; };
		4742556224EC73D800D31DD5 /* heavy-exclamation-mark-symbol_2757.png */ = {isa = PBXFileReference; lastKnownFileType = image.png; path = "heavy-exclamation-mark-symbol_2757.png"; sourceTree = "<group>"; };
		4742556324EC73D800D31DD5 /* cross-mark_274c.png */ = {isa = PBXFileReference; lastKnownFileType = image.png; path = "cross-mark_274c.png"; sourceTree = "<group>"; };
		4742556424EC73D800D31DD5 /* keycap-digit-one_31-fe0f-20e3.png */ = {isa = PBXFileReference; lastKnownFileType = image.png; path = "keycap-digit-one_31-fe0f-20e3.png"; sourceTree = "<group>"; };
		4742556524EC73D800D31DD5 /* no-entry_26d4.png */ = {isa = PBXFileReference; lastKnownFileType = image.png; path = "no-entry_26d4.png"; sourceTree = "<group>"; };
		4742556624EC73D800D31DD5 /* black-heart-suit_2665.png */ = {isa = PBXFileReference; lastKnownFileType = image.png; path = "black-heart-suit_2665.png"; sourceTree = "<group>"; };
		4742556724EC73D800D31DD5 /* clock-face-six-oclock_1f555.png */ = {isa = PBXFileReference; lastKnownFileType = image.png; path = "clock-face-six-oclock_1f555.png"; sourceTree = "<group>"; };
		4742556824EC73D800D31DD5 /* clock-face-five-oclock_1f554.png */ = {isa = PBXFileReference; lastKnownFileType = image.png; path = "clock-face-five-oclock_1f554.png"; sourceTree = "<group>"; };
		4742556924EC73D800D31DD5 /* north-west-arrow_2196.png */ = {isa = PBXFileReference; lastKnownFileType = image.png; path = "north-west-arrow_2196.png"; sourceTree = "<group>"; };
		4742556A24EC73D800D31DD5 /* clock-face-one-thirty_1f55c.png */ = {isa = PBXFileReference; lastKnownFileType = image.png; path = "clock-face-one-thirty_1f55c.png"; sourceTree = "<group>"; };
		4742556B24EC73D800D31DD5 /* clock-face-ten-oclock_1f559.png */ = {isa = PBXFileReference; lastKnownFileType = image.png; path = "clock-face-ten-oclock_1f559.png"; sourceTree = "<group>"; };
		4742556C24EC73D800D31DD5 /* clock-face-eleven-thirty_1f566.png */ = {isa = PBXFileReference; lastKnownFileType = image.png; path = "clock-face-eleven-thirty_1f566.png"; sourceTree = "<group>"; };
		4742556D24EC73D800D31DD5 /* pencil_270f.png */ = {isa = PBXFileReference; lastKnownFileType = image.png; path = pencil_270f.png; sourceTree = "<group>"; };
		4742556E24EC73D800D31DD5 /* clock-face-five-thirty_1f560.png */ = {isa = PBXFileReference; lastKnownFileType = image.png; path = "clock-face-five-thirty_1f560.png"; sourceTree = "<group>"; };
		4742556F24EC73D800D31DD5 /* earth-globe-americas_1f30e.png */ = {isa = PBXFileReference; lastKnownFileType = image.png; path = "earth-globe-americas_1f30e.png"; sourceTree = "<group>"; };
		4742557024EC73D800D31DD5 /* clock-face-three-thirty_1f55e.png */ = {isa = PBXFileReference; lastKnownFileType = image.png; path = "clock-face-three-thirty_1f55e.png"; sourceTree = "<group>"; };
		4742557124EC73D800D31DD5 /* lower-left-ballpoint-pen_1f58a.png */ = {isa = PBXFileReference; lastKnownFileType = image.png; path = "lower-left-ballpoint-pen_1f58a.png"; sourceTree = "<group>"; };
		4742557224EC73D800D31DD5 /* clock-face-two-oclock_1f551.png */ = {isa = PBXFileReference; lastKnownFileType = image.png; path = "clock-face-two-oclock_1f551.png"; sourceTree = "<group>"; };
		4742557324EC73D800D31DD5 /* keycap-digit-four_34-fe0f-20e3.png */ = {isa = PBXFileReference; lastKnownFileType = image.png; path = "keycap-digit-four_34-fe0f-20e3.png"; sourceTree = "<group>"; };
		4742557424EC73D800D31DD5 /* lower-left-crayon_1f58d.png */ = {isa = PBXFileReference; lastKnownFileType = image.png; path = "lower-left-crayon_1f58d.png"; sourceTree = "<group>"; };
		4742557524EC73D800D31DD5 /* clock-face-six-thirty_1f561.png */ = {isa = PBXFileReference; lastKnownFileType = image.png; path = "clock-face-six-thirty_1f561.png"; sourceTree = "<group>"; };
		4742557624EC73D800D31DD5 /* keycap-digit-eight_38-fe0f-20e3.png */ = {isa = PBXFileReference; lastKnownFileType = image.png; path = "keycap-digit-eight_38-fe0f-20e3.png"; sourceTree = "<group>"; };
		4742557724EC73D800D31DD5 /* south-west-arrow_2199.png */ = {isa = PBXFileReference; lastKnownFileType = image.png; path = "south-west-arrow_2199.png"; sourceTree = "<group>"; };
		4742557824EC73D800D31DD5 /* clock-face-nine-thirty_1f564.png */ = {isa = PBXFileReference; lastKnownFileType = image.png; path = "clock-face-nine-thirty_1f564.png"; sourceTree = "<group>"; };
		4742557924EC73D800D31DD5 /* warning-sign_26a0.png */ = {isa = PBXFileReference; lastKnownFileType = image.png; path = "warning-sign_26a0.png"; sourceTree = "<group>"; };
		4742557A24EC73D800D31DD5 /* keycap-digit-zero_30-fe0f-20e3.png */ = {isa = PBXFileReference; lastKnownFileType = image.png; path = "keycap-digit-zero_30-fe0f-20e3.png"; sourceTree = "<group>"; };
		4742557B24EC73D800D31DD5 /* leftwards-black-arrow_2b05.png */ = {isa = PBXFileReference; lastKnownFileType = image.png; path = "leftwards-black-arrow_2b05.png"; sourceTree = "<group>"; };
		4742557C24EC73D800D31DD5 /* clock-face-four-thirty_1f55f.png */ = {isa = PBXFileReference; lastKnownFileType = image.png; path = "clock-face-four-thirty_1f55f.png"; sourceTree = "<group>"; };
		4742557D24EC73D800D31DD5 /* keycap-digit-five_35-fe0f-20e3.png */ = {isa = PBXFileReference; lastKnownFileType = image.png; path = "keycap-digit-five_35-fe0f-20e3.png"; sourceTree = "<group>"; };
		474255BA24EC946600D31DD5 /* StickesrController.swift */ = {isa = PBXFileReference; lastKnownFileType = sourcecode.swift; path = StickesrController.swift; sourceTree = "<group>"; };
		474255BC24ECBAEA00D31DD5 /* StickerCell.swift */ = {isa = PBXFileReference; lastKnownFileType = sourcecode.swift; path = StickerCell.swift; sourceTree = "<group>"; };
		476BB45125010C1800EA2FC5 /* AnnotationView.swift */ = {isa = PBXFileReference; lastKnownFileType = sourcecode.swift; path = AnnotationView.swift; sourceTree = "<group>"; };
		477026F824ED7430004593BC /* SignatureController.swift */ = {isa = PBXFileReference; lastKnownFileType = sourcecode.swift; path = SignatureController.swift; sourceTree = "<group>"; };
		477026FA24EDA02B004593BC /* StickerImageView.swift */ = {isa = PBXFileReference; lastKnownFileType = sourcecode.swift; path = StickerImageView.swift; sourceTree = "<group>"; };
		477CE60524A9FCEF0018A642 /* SimpleAnnotation.app */ = {isa = PBXFileReference; explicitFileType = wrapper.application; includeInIndex = 0; path = SimpleAnnotation.app; sourceTree = BUILT_PRODUCTS_DIR; };
		477CE60824A9FCEF0018A642 /* AppDelegate.swift */ = {isa = PBXFileReference; lastKnownFileType = sourcecode.swift; path = AppDelegate.swift; sourceTree = "<group>"; };
		477CE60A24A9FCEF0018A642 /* SceneDelegate.swift */ = {isa = PBXFileReference; lastKnownFileType = sourcecode.swift; path = SceneDelegate.swift; sourceTree = "<group>"; };
		477CE60C24A9FCEF0018A642 /* AnnotationController.swift */ = {isa = PBXFileReference; lastKnownFileType = sourcecode.swift; path = AnnotationController.swift; sourceTree = "<group>"; };
		477CE60F24A9FCEF0018A642 /* Base */ = {isa = PBXFileReference; lastKnownFileType = file.storyboard; name = Base; path = Base.lproj/Main.storyboard; sourceTree = "<group>"; };
		477CE61224A9FCEF0018A642 /* SimpleAnnotation.xcdatamodel */ = {isa = PBXFileReference; lastKnownFileType = wrapper.xcdatamodel; path = SimpleAnnotation.xcdatamodel; sourceTree = "<group>"; };
		477CE61424A9FCF30018A642 /* Assets.xcassets */ = {isa = PBXFileReference; lastKnownFileType = folder.assetcatalog; path = Assets.xcassets; sourceTree = "<group>"; };
		477CE61724A9FCF30018A642 /* Base */ = {isa = PBXFileReference; lastKnownFileType = file.storyboard; name = Base; path = Base.lproj/LaunchScreen.storyboard; sourceTree = "<group>"; };
		477CE61924A9FCF30018A642 /* Info.plist */ = {isa = PBXFileReference; lastKnownFileType = text.plist.xml; path = Info.plist; sourceTree = "<group>"; };
		477CE61F24AA045E0018A642 /* PenController.swift */ = {isa = PBXFileReference; lastKnownFileType = sourcecode.swift; path = PenController.swift; sourceTree = "<group>"; };
		477CE62124AA04830018A642 /* MarkerController.swift */ = {isa = PBXFileReference; lastKnownFileType = sourcecode.swift; path = MarkerController.swift; sourceTree = "<group>"; };
		477CE62324AA04AD0018A642 /* Line.swift */ = {isa = PBXFileReference; lastKnownFileType = sourcecode.swift; path = Line.swift; sourceTree = "<group>"; };
		477CE62524AA04D40018A642 /* CanvasView.swift */ = {isa = PBXFileReference; lastKnownFileType = sourcecode.swift; path = CanvasView.swift; sourceTree = "<group>"; };
		477CE62724AA1A9B0018A642 /* Extensions.swift */ = {isa = PBXFileReference; lastKnownFileType = sourcecode.swift; path = Extensions.swift; sourceTree = "<group>"; };
		477CE62A24AA484F0018A642 /* sample.pdf */ = {isa = PBXFileReference; lastKnownFileType = image.pdf; path = sample.pdf; sourceTree = "<group>"; };
		477CE62C24AA4AAE0018A642 /* Constants.swift */ = {isa = PBXFileReference; lastKnownFileType = sourcecode.swift; path = Constants.swift; sourceTree = "<group>"; };
		477CE62E24AB618A0018A642 /* TestController.swift */ = {isa = PBXFileReference; lastKnownFileType = sourcecode.swift; path = TestController.swift; sourceTree = "<group>"; };
		477CE63224B34CC70018A642 /* SimpleCanvasView.swift */ = {isa = PBXFileReference; lastKnownFileType = sourcecode.swift; path = SimpleCanvasView.swift; sourceTree = "<group>"; };
		477CE63424B367E50018A642 /* CachedCanvasView.swift */ = {isa = PBXFileReference; lastKnownFileType = sourcecode.swift; path = CachedCanvasView.swift; sourceTree = "<group>"; };
		477CE63624B372F60018A642 /* ImprovedCanvasView.swift */ = {isa = PBXFileReference; lastKnownFileType = sourcecode.swift; path = ImprovedCanvasView.swift; sourceTree = "<group>"; };
		477CE63824B3789B0018A642 /* SmoothedCanvasView.swift */ = {isa = PBXFileReference; lastKnownFileType = sourcecode.swift; path = SmoothedCanvasView.swift; sourceTree = "<group>"; };
		477CE63A24B37B9A0018A642 /* TestCanvasView.swift */ = {isa = PBXFileReference; lastKnownFileType = sourcecode.swift; path = TestCanvasView.swift; sourceTree = "<group>"; };
		47A199352516635300B222E2 /* EnterTextController.swift */ = {isa = PBXFileReference; lastKnownFileType = sourcecode.swift; path = EnterTextController.swift; sourceTree = "<group>"; };
		47A199382519078600B222E2 /* NoteImageView.swift */ = {isa = PBXFileReference; lastKnownFileType = sourcecode.swift; path = NoteImageView.swift; sourceTree = "<group>"; };
		47A1993C2519344400B222E2 /* EditableView.swift */ = {isa = PBXFileReference; lastKnownFileType = sourcecode.swift; path = EditableView.swift; sourceTree = "<group>"; };
		47A19940251A3DC100B222E2 /* EditableImageView.swift */ = {isa = PBXFileReference; lastKnownFileType = sourcecode.swift; path = EditableImageView.swift; sourceTree = "<group>"; };
/* End PBXFileReference section */

/* Begin PBXFrameworksBuildPhase section */
		477CE60224A9FCEF0018A642 /* Frameworks */ = {
			isa = PBXFrameworksBuildPhase;
			buildActionMask = 2147483647;
			files = (
			);
			runOnlyForDeploymentPostprocessing = 0;
		};
/* End PBXFrameworksBuildPhase section */

/* Begin PBXGroup section */
		4742554124EC73D800D31DD5 /* Stickers */ = {
			isa = PBXGroup;
			children = (
				4742554224EC73D800D31DD5 /* clock-face-eight-oclock_1f557.png */,
				4742554324EC73D800D31DD5 /* keycap-digit-six_36-fe0f-20e3.png */,
				4742554424EC73D800D31DD5 /* downwards-black-arrow_2b07.png */,
				4742554524EC73D800D31DD5 /* keycap-digit-three_33-fe0f-20e3.png */,
				4742554624EC73D800D31DD5 /* clock-face-ten-thirty_1f565.png */,
				4742554724EC73D800D31DD5 /* south-east-arrow_2198.png */,
				4742554824EC73D800D31DD5 /* black-rightwards-arrow_27a1.png */,
				4742554924EC73D800D31DD5 /* keycap-ten_1f51f.png */,
				4742554A24EC73D800D31DD5 /* white-heavy-check-mark_2705.png */,
				4742554B24EC73D800D31DD5 /* clock-face-seven-oclock_1f556.png */,
				4742554C24EC73D800D31DD5 /* clock-face-twelve-thirty_1f567.png */,
				4742554D24EC73D800D31DD5 /* clock-face-one-oclock_1f550.png */,
				4742554E24EC73D800D31DD5 /* upwards-black-arrow_2b06.png */,
				4742554F24EC73D800D31DD5 /* double-exclamation-mark_203c.png */,
				4742555024EC73D800D31DD5 /* keycap-digit-two_32-fe0f-20e3.png */,
				4742555124EC73D800D31DD5 /* thumbs-down-sign_1f44e.png */,
				4742555224EC73D800D31DD5 /* clock-face-four-oclock_1f553.png */,
				4742555324EC73D800D31DD5 /* clock-face-seven-thirty_1f562.png */,
				4742555424EC73D800D31DD5 /* clock-face-nine-oclock_1f558.png */,
				4742555524EC73D800D31DD5 /* exclamation-question-mark_2049.png */,
				4742555624EC73D800D31DD5 /* keycap-digit-seven_37-fe0f-20e3.png */,
				4742555724EC73D800D31DD5 /* north-east-arrow_2197.png */,
				4742555824EC73D800D31DD5 /* thumbs-up-sign_1f44d.png */,
				4742555924EC73D800D31DD5 /* earth-globe-asia-australia_1f30f.png */,
				4742555A24EC73D800D31DD5 /* keycap-digit-nine_39-fe0f-20e3.png */,
				4742555B24EC73D800D31DD5 /* clock-face-eight-thirty_1f563.png */,
				4742555C24EC73D800D31DD5 /* clock-face-twelve-oclock_1f55b.png */,
				4742555D24EC73D800D31DD5 /* black-question-mark-ornament_2753.png */,
				4742555E24EC73D800D31DD5 /* earth-globe-europe-africa_1f30d.png */,
				4742555F24EC73D800D31DD5 /* clock-face-three-oclock_1f552.png */,
				4742556024EC73D800D31DD5 /* clock-face-two-thirty_1f55d.png */,
				4742556124EC73D800D31DD5 /* clock-face-eleven-oclock_1f55a.png */,
				4742556224EC73D800D31DD5 /* heavy-exclamation-mark-symbol_2757.png */,
				4742556324EC73D800D31DD5 /* cross-mark_274c.png */,
				4742556424EC73D800D31DD5 /* keycap-digit-one_31-fe0f-20e3.png */,
				4742556524EC73D800D31DD5 /* no-entry_26d4.png */,
				4742556624EC73D800D31DD5 /* black-heart-suit_2665.png */,
				4742556724EC73D800D31DD5 /* clock-face-six-oclock_1f555.png */,
				4742556824EC73D800D31DD5 /* clock-face-five-oclock_1f554.png */,
				4742556924EC73D800D31DD5 /* north-west-arrow_2196.png */,
				4742556A24EC73D800D31DD5 /* clock-face-one-thirty_1f55c.png */,
				4742556B24EC73D800D31DD5 /* clock-face-ten-oclock_1f559.png */,
				4742556C24EC73D800D31DD5 /* clock-face-eleven-thirty_1f566.png */,
				4742556D24EC73D800D31DD5 /* pencil_270f.png */,
				4742556E24EC73D800D31DD5 /* clock-face-five-thirty_1f560.png */,
				4742556F24EC73D800D31DD5 /* earth-globe-americas_1f30e.png */,
				4742557024EC73D800D31DD5 /* clock-face-three-thirty_1f55e.png */,
				4742557124EC73D800D31DD5 /* lower-left-ballpoint-pen_1f58a.png */,
				4742557224EC73D800D31DD5 /* clock-face-two-oclock_1f551.png */,
				4742557324EC73D800D31DD5 /* keycap-digit-four_34-fe0f-20e3.png */,
				4742557424EC73D800D31DD5 /* lower-left-crayon_1f58d.png */,
				4742557524EC73D800D31DD5 /* clock-face-six-thirty_1f561.png */,
				4742557624EC73D800D31DD5 /* keycap-digit-eight_38-fe0f-20e3.png */,
				4742557724EC73D800D31DD5 /* south-west-arrow_2199.png */,
				4742557824EC73D800D31DD5 /* clock-face-nine-thirty_1f564.png */,
				4742557924EC73D800D31DD5 /* warning-sign_26a0.png */,
				4742557A24EC73D800D31DD5 /* keycap-digit-zero_30-fe0f-20e3.png */,
				4742557B24EC73D800D31DD5 /* leftwards-black-arrow_2b05.png */,
				4742557C24EC73D800D31DD5 /* clock-face-four-thirty_1f55f.png */,
				4742557D24EC73D800D31DD5 /* keycap-digit-five_35-fe0f-20e3.png */,
			);
			path = Stickers;
			sourceTree = "<group>";
		};
		477CE5FC24A9FCEF0018A642 = {
			isa = PBXGroup;
			children = (
				477CE60724A9FCEF0018A642 /* SimpleAnnotation */,
				477CE60624A9FCEF0018A642 /* Products */,
			);
			sourceTree = "<group>";
		};
		477CE60624A9FCEF0018A642 /* Products */ = {
			isa = PBXGroup;
			children = (
				477CE60524A9FCEF0018A642 /* SimpleAnnotation.app */,
			);
			name = Products;
			sourceTree = "<group>";
		};
		477CE60724A9FCEF0018A642 /* SimpleAnnotation */ = {
			isa = PBXGroup;
			children = (
				477CE60824A9FCEF0018A642 /* AppDelegate.swift */,
				477CE60A24A9FCEF0018A642 /* SceneDelegate.swift */,
				47FDFF7924C1F2C200EE6C4E /* Helper */,
				47FDFF7B24C1F6C100EE6C4E /* Structures */,
				47FDFF7C24C1F6F400EE6C4E /* Views */,
				47FDFF7D24C1F6FF00EE6C4E /* Controllers */,
				47FDFF7A24C1F6AA00EE6C4E /* Test */,
				477CE60E24A9FCEF0018A642 /* Main.storyboard */,
				477CE61424A9FCF30018A642 /* Assets.xcassets */,
				477CE62A24AA484F0018A642 /* sample.pdf */,
				477CE61624A9FCF30018A642 /* LaunchScreen.storyboard */,
				477CE61924A9FCF30018A642 /* Info.plist */,
				477CE61124A9FCEF0018A642 /* SimpleAnnotation.xcdatamodeld */,
				4742554124EC73D800D31DD5 /* Stickers */,
			);
			path = SimpleAnnotation;
			sourceTree = "<group>";
		};
		47FDFF7924C1F2C200EE6C4E /* Helper */ = {
			isa = PBXGroup;
			children = (
				477CE62724AA1A9B0018A642 /* Extensions.swift */,
				477CE62C24AA4AAE0018A642 /* Constants.swift */,
			);
			path = Helper;
			sourceTree = "<group>";
		};
		47FDFF7A24C1F6AA00EE6C4E /* Test */ = {
			isa = PBXGroup;
			children = (
				477CE63224B34CC70018A642 /* SimpleCanvasView.swift */,
				477CE63424B367E50018A642 /* CachedCanvasView.swift */,
				477CE63624B372F60018A642 /* ImprovedCanvasView.swift */,
				477CE63824B3789B0018A642 /* SmoothedCanvasView.swift */,
				477CE63A24B37B9A0018A642 /* TestCanvasView.swift */,
				477CE62E24AB618A0018A642 /* TestController.swift */,
			);
			path = Test;
			sourceTree = "<group>";
		};
		47FDFF7B24C1F6C100EE6C4E /* Structures */ = {
			isa = PBXGroup;
			children = (
				477CE62324AA04AD0018A642 /* Line.swift */,
				472C3F5325238A5C00C79280 /* Note.swift */,
			);
			path = Structures;
			sourceTree = "<group>";
		};
		47FDFF7C24C1F6F400EE6C4E /* Views */ = {
			isa = PBXGroup;
			children = (
				477CE62524AA04D40018A642 /* CanvasView.swift */,
				476BB45125010C1800EA2FC5 /* AnnotationView.swift */,
				47A1993C2519344400B222E2 /* EditableView.swift */,
				47A19940251A3DC100B222E2 /* EditableImageView.swift */,
				477026FA24EDA02B004593BC /* StickerImageView.swift */,
				473741D325025FB300D42A5A /* ColorButton.swift */,
				473741D52503AB3700D42A5A /* OpacityButton.swift */,
				470CE940250FEC3C0040079E /* SignatureView.swift */,
				47A199382519078600B222E2 /* NoteImageView.swift */,
				47329BA4251B604B00C45143 /* TextView.swift */,
				47329BA7251B6F3500C45143 /* ShapeView.swift */,
				47329BAB251B773300C45143 /* SignatureImageView.swift */,
				472C3F50251E7A0500C79280 /* ThicknessView.swift */,
			);
			path = Views;
			sourceTree = "<group>";
		};
		47FDFF7D24C1F6FF00EE6C4E /* Controllers */ = {
			isa = PBXGroup;
			children = (
				477CE60C24A9FCEF0018A642 /* AnnotationController.swift */,
				477CE61F24AA045E0018A642 /* PenController.swift */,
				477CE62124AA04830018A642 /* MarkerController.swift */,
				4742553924E533DC00D31DD5 /* HighlightController.swift */,
				4742553D24EBE4E600D31DD5 /* TextController.swift */,
				4742553B24E6B03300D31DD5 /* ShapesController.swift */,
				4742553F24EC67CA00D31DD5 /* NoteController.swift */,
				47A199352516635300B222E2 /* EnterTextController.swift */,
				474255BA24EC946600D31DD5 /* StickesrController.swift */,
				474255BC24ECBAEA00D31DD5 /* StickerCell.swift */,
				477026F824ED7430004593BC /* SignatureController.swift */,
			);
			path = Controllers;
			sourceTree = "<group>";
		};
/* End PBXGroup section */

/* Begin PBXNativeTarget section */
		477CE60424A9FCEF0018A642 /* SimpleAnnotation */ = {
			isa = PBXNativeTarget;
			buildConfigurationList = 477CE61C24A9FCF30018A642 /* Build configuration list for PBXNativeTarget "SimpleAnnotation" */;
			buildPhases = (
				477CE60124A9FCEF0018A642 /* Sources */,
				477CE60224A9FCEF0018A642 /* Frameworks */,
				477CE60324A9FCEF0018A642 /* Resources */,
			);
			buildRules = (
			);
			dependencies = (
			);
			name = SimpleAnnotation;
			productName = SimpleAnnotation;
			productReference = 477CE60524A9FCEF0018A642 /* SimpleAnnotation.app */;
			productType = "com.apple.product-type.application";
		};
/* End PBXNativeTarget section */

/* Begin PBXProject section */
		477CE5FD24A9FCEF0018A642 /* Project object */ = {
			isa = PBXProject;
			attributes = {
				LastSwiftUpdateCheck = 1150;
				LastUpgradeCheck = 1200;
				ORGANIZATIONNAME = "Aleksandr Tsebrii";
				TargetAttributes = {
					477CE60424A9FCEF0018A642 = {
						CreatedOnToolsVersion = 11.5;
					};
				};
			};
			buildConfigurationList = 477CE60024A9FCEF0018A642 /* Build configuration list for PBXProject "SimpleAnnotation" */;
			compatibilityVersion = "Xcode 9.3";
			developmentRegion = en;
			hasScannedForEncodings = 0;
			knownRegions = (
				en,
				Base,
			);
			mainGroup = 477CE5FC24A9FCEF0018A642;
			productRefGroup = 477CE60624A9FCEF0018A642 /* Products */;
			projectDirPath = "";
			projectRoot = "";
			targets = (
				477CE60424A9FCEF0018A642 /* SimpleAnnotation */,
			);
		};
/* End PBXProject section */

/* Begin PBXResourcesBuildPhase section */
		477CE60324A9FCEF0018A642 /* Resources */ = {
			isa = PBXResourcesBuildPhase;
			buildActionMask = 2147483647;
			files = (
				474255A624EC73D900D31DD5 /* clock-face-one-thirty_1f55c.png in Resources */,
				474255A524EC73D900D31DD5 /* north-west-arrow_2196.png in Resources */,
				4742558324EC73D900D31DD5 /* south-east-arrow_2198.png in Resources */,
				474255B624EC73D900D31DD5 /* keycap-digit-zero_30-fe0f-20e3.png in Resources */,
				4742559324EC73D900D31DD5 /* north-east-arrow_2197.png in Resources */,
				474255A024EC73D900D31DD5 /* keycap-digit-one_31-fe0f-20e3.png in Resources */,
				474255AB24EC73D900D31DD5 /* earth-globe-americas_1f30e.png in Resources */,
				474255B124EC73D900D31DD5 /* clock-face-six-thirty_1f561.png in Resources */,
				4742559824EC73D900D31DD5 /* clock-face-twelve-oclock_1f55b.png in Resources */,
				474255B524EC73D900D31DD5 /* warning-sign_26a0.png in Resources */,
				4742559524EC73D900D31DD5 /* earth-globe-asia-australia_1f30f.png in Resources */,
				474255B224EC73D900D31DD5 /* keycap-digit-eight_38-fe0f-20e3.png in Resources */,
				4742559C24EC73D900D31DD5 /* clock-face-two-thirty_1f55d.png in Resources */,
				4742559424EC73D900D31DD5 /* thumbs-up-sign_1f44d.png in Resources */,
				474255A824EC73D900D31DD5 /* clock-face-eleven-thirty_1f566.png in Resources */,
				474255A124EC73D900D31DD5 /* no-entry_26d4.png in Resources */,
				4742559D24EC73D900D31DD5 /* clock-face-eleven-oclock_1f55a.png in Resources */,
				4742559124EC73D900D31DD5 /* exclamation-question-mark_2049.png in Resources */,
				4742558924EC73D900D31DD5 /* clock-face-one-oclock_1f550.png in Resources */,
				4742558124EC73D900D31DD5 /* keycap-digit-three_33-fe0f-20e3.png in Resources */,
				4742559724EC73D900D31DD5 /* clock-face-eight-thirty_1f563.png in Resources */,
				4742559B24EC73D900D31DD5 /* clock-face-three-oclock_1f552.png in Resources */,
				474255AF24EC73D900D31DD5 /* keycap-digit-four_34-fe0f-20e3.png in Resources */,
				4742557E24EC73D900D31DD5 /* clock-face-eight-oclock_1f557.png in Resources */,
				474255A724EC73D900D31DD5 /* clock-face-ten-oclock_1f559.png in Resources */,
				474255AE24EC73D900D31DD5 /* clock-face-two-oclock_1f551.png in Resources */,
				4742558224EC73D900D31DD5 /* clock-face-ten-thirty_1f565.png in Resources */,
				4742558724EC73D900D31DD5 /* clock-face-seven-oclock_1f556.png in Resources */,
				4742559F24EC73D900D31DD5 /* cross-mark_274c.png in Resources */,
				474255A224EC73D900D31DD5 /* black-heart-suit_2665.png in Resources */,
				4742558E24EC73D900D31DD5 /* clock-face-four-oclock_1f553.png in Resources */,
				4742559A24EC73D900D31DD5 /* earth-globe-europe-africa_1f30d.png in Resources */,
				4742557F24EC73D900D31DD5 /* keycap-digit-six_36-fe0f-20e3.png in Resources */,
				474255A424EC73D900D31DD5 /* clock-face-five-oclock_1f554.png in Resources */,
				474255AA24EC73D900D31DD5 /* clock-face-five-thirty_1f560.png in Resources */,
				4742558424EC73D900D31DD5 /* black-rightwards-arrow_27a1.png in Resources */,
				4742558B24EC73D900D31DD5 /* double-exclamation-mark_203c.png in Resources */,
				4742558024EC73D900D31DD5 /* downwards-black-arrow_2b07.png in Resources */,
				4742558A24EC73D900D31DD5 /* upwards-black-arrow_2b06.png in Resources */,
				474255A324EC73D900D31DD5 /* clock-face-six-oclock_1f555.png in Resources */,
				4742558F24EC73D900D31DD5 /* clock-face-seven-thirty_1f562.png in Resources */,
				4742559924EC73D900D31DD5 /* black-question-mark-ornament_2753.png in Resources */,
				4742559E24EC73D900D31DD5 /* heavy-exclamation-mark-symbol_2757.png in Resources */,
				474255B724EC73D900D31DD5 /* leftwards-black-arrow_2b05.png in Resources */,
				474255AC24EC73D900D31DD5 /* clock-face-three-thirty_1f55e.png in Resources */,
				474255B024EC73D900D31DD5 /* lower-left-crayon_1f58d.png in Resources */,
				474255B424EC73D900D31DD5 /* clock-face-nine-thirty_1f564.png in Resources */,
				474255B924EC73D900D31DD5 /* keycap-digit-five_35-fe0f-20e3.png in Resources */,
				4742558824EC73D900D31DD5 /* clock-face-twelve-thirty_1f567.png in Resources */,
				477CE62B24AA484F0018A642 /* sample.pdf in Resources */,
				474255AD24EC73D900D31DD5 /* lower-left-ballpoint-pen_1f58a.png in Resources */,
				4742559624EC73D900D31DD5 /* keycap-digit-nine_39-fe0f-20e3.png in Resources */,
				477CE61824A9FCF30018A642 /* LaunchScreen.storyboard in Resources */,
				4742558C24EC73D900D31DD5 /* keycap-digit-two_32-fe0f-20e3.png in Resources */,
				474255B824EC73D900D31DD5 /* clock-face-four-thirty_1f55f.png in Resources */,
				4742559224EC73D900D31DD5 /* keycap-digit-seven_37-fe0f-20e3.png in Resources */,
				477CE61524A9FCF30018A642 /* Assets.xcassets in Resources */,
				4742558524EC73D900D31DD5 /* keycap-ten_1f51f.png in Resources */,
				474255A924EC73D900D31DD5 /* pencil_270f.png in Resources */,
				477CE61024A9FCEF0018A642 /* Main.storyboard in Resources */,
				4742559024EC73D900D31DD5 /* clock-face-nine-oclock_1f558.png in Resources */,
				4742558D24EC73D900D31DD5 /* thumbs-down-sign_1f44e.png in Resources */,
				4742558624EC73D900D31DD5 /* white-heavy-check-mark_2705.png in Resources */,
				474255B324EC73D900D31DD5 /* south-west-arrow_2199.png in Resources */,
			);
			runOnlyForDeploymentPostprocessing = 0;
		};
/* End PBXResourcesBuildPhase section */

/* Begin PBXSourcesBuildPhase section */
		477CE60124A9FCEF0018A642 /* Sources */ = {
			isa = PBXSourcesBuildPhase;
			buildActionMask = 2147483647;
			files = (
				47329BA8251B6F3500C45143 /* ShapeView.swift in Sources */,
				477CE63724B372F60018A642 /* ImprovedCanvasView.swift in Sources */,
				477CE60D24A9FCEF0018A642 /* AnnotationController.swift in Sources */,
				477CE62824AA1A9B0018A642 /* Extensions.swift in Sources */,
				477CE62224AA04830018A642 /* MarkerController.swift in Sources */,
				477CE63524B367E50018A642 /* CachedCanvasView.swift in Sources */,
				477CE62F24AB618A0018A642 /* TestController.swift in Sources */,
				477026F924ED7430004593BC /* SignatureController.swift in Sources */,
				47329BAC251B773300C45143 /* SignatureImageView.swift in Sources */,
				4742553E24EBE4E600D31DD5 /* TextController.swift in Sources */,
				477CE63B24B37B9A0018A642 /* TestCanvasView.swift in Sources */,
				4742553A24E533DC00D31DD5 /* HighlightController.swift in Sources */,
				47A19941251A3DC100B222E2 /* EditableImageView.swift in Sources */,
				4742554024EC67CA00D31DD5 /* NoteController.swift in Sources */,
				47329BA5251B604C00C45143 /* TextView.swift in Sources */,
				477CE62624AA04D40018A642 /* CanvasView.swift in Sources */,
				47A199362516635300B222E2 /* EnterTextController.swift in Sources */,
				477CE60924A9FCEF0018A642 /* AppDelegate.swift in Sources */,
				477CE63324B34CC70018A642 /* SimpleCanvasView.swift in Sources */,
				473741D62503AB3700D42A5A /* OpacityButton.swift in Sources */,
				477CE62D24AA4AAE0018A642 /* Constants.swift in Sources */,
				477CE62024AA045E0018A642 /* PenController.swift in Sources */,
				477CE63924B3789B0018A642 /* SmoothedCanvasView.swift in Sources */,
				476BB45225010C1800EA2FC5 /* AnnotationView.swift in Sources */,
				477CE61324A9FCEF0018A642 /* SimpleAnnotation.xcdatamodeld in Sources */,
				4742553C24E6B03300D31DD5 /* ShapesController.swift in Sources */,
				47A1993D2519344400B222E2 /* EditableView.swift in Sources */,
				474255BB24EC946600D31DD5 /* StickesrController.swift in Sources */,
				473741D425025FB300D42A5A /* ColorButton.swift in Sources */,
				472C3F51251E7A0500C79280 /* ThicknessView.swift in Sources */,
				470CE941250FEC3C0040079E /* SignatureView.swift in Sources */,
				477026FB24EDA02B004593BC /* StickerImageView.swift in Sources */,
				47A199392519078600B222E2 /* NoteImageView.swift in Sources */,
				477CE62424AA04AD0018A642 /* Line.swift in Sources */,
				477CE60B24A9FCEF0018A642 /* SceneDelegate.swift in Sources */,
				472C3F5425238A5C00C79280 /* Note.swift in Sources */,
				474255BD24ECBAEA00D31DD5 /* StickerCell.swift in Sources */,
			);
			runOnlyForDeploymentPostprocessing = 0;
		};
/* End PBXSourcesBuildPhase section */

/* Begin PBXVariantGroup section */
		477CE60E24A9FCEF0018A642 /* Main.storyboard */ = {
			isa = PBXVariantGroup;
			children = (
				477CE60F24A9FCEF0018A642 /* Base */,
			);
			name = Main.storyboard;
			sourceTree = "<group>";
		};
		477CE61624A9FCF30018A642 /* LaunchScreen.storyboard */ = {
			isa = PBXVariantGroup;
			children = (
				477CE61724A9FCF30018A642 /* Base */,
			);
			name = LaunchScreen.storyboard;
			sourceTree = "<group>";
		};
/* End PBXVariantGroup section */

/* Begin XCBuildConfiguration section */
		477CE61A24A9FCF30018A642 /* Debug */ = {
			isa = XCBuildConfiguration;
			buildSettings = {
				ALWAYS_SEARCH_USER_PATHS = NO;
				CLANG_ANALYZER_NONNULL = YES;
				CLANG_ANALYZER_NUMBER_OBJECT_CONVERSION = YES_AGGRESSIVE;
				CLANG_CXX_LANGUAGE_STANDARD = "gnu++14";
				CLANG_CXX_LIBRARY = "libc++";
				CLANG_ENABLE_MODULES = YES;
				CLANG_ENABLE_OBJC_ARC = YES;
				CLANG_ENABLE_OBJC_WEAK = YES;
				CLANG_WARN_BLOCK_CAPTURE_AUTORELEASING = YES;
				CLANG_WARN_BOOL_CONVERSION = YES;
				CLANG_WARN_COMMA = YES;
				CLANG_WARN_CONSTANT_CONVERSION = YES;
				CLANG_WARN_DEPRECATED_OBJC_IMPLEMENTATIONS = YES;
				CLANG_WARN_DIRECT_OBJC_ISA_USAGE = YES_ERROR;
				CLANG_WARN_DOCUMENTATION_COMMENTS = YES;
				CLANG_WARN_EMPTY_BODY = YES;
				CLANG_WARN_ENUM_CONVERSION = YES;
				CLANG_WARN_INFINITE_RECURSION = YES;
				CLANG_WARN_INT_CONVERSION = YES;
				CLANG_WARN_NON_LITERAL_NULL_CONVERSION = YES;
				CLANG_WARN_OBJC_IMPLICIT_RETAIN_SELF = YES;
				CLANG_WARN_OBJC_LITERAL_CONVERSION = YES;
				CLANG_WARN_OBJC_ROOT_CLASS = YES_ERROR;
				CLANG_WARN_QUOTED_INCLUDE_IN_FRAMEWORK_HEADER = YES;
				CLANG_WARN_RANGE_LOOP_ANALYSIS = YES;
				CLANG_WARN_STRICT_PROTOTYPES = YES;
				CLANG_WARN_SUSPICIOUS_MOVE = YES;
				CLANG_WARN_UNGUARDED_AVAILABILITY = YES_AGGRESSIVE;
				CLANG_WARN_UNREACHABLE_CODE = YES;
				CLANG_WARN__DUPLICATE_METHOD_MATCH = YES;
				COPY_PHASE_STRIP = NO;
				DEBUG_INFORMATION_FORMAT = dwarf;
				ENABLE_STRICT_OBJC_MSGSEND = YES;
				ENABLE_TESTABILITY = YES;
				GCC_C_LANGUAGE_STANDARD = gnu11;
				GCC_DYNAMIC_NO_PIC = NO;
				GCC_NO_COMMON_BLOCKS = YES;
				GCC_OPTIMIZATION_LEVEL = 0;
				GCC_PREPROCESSOR_DEFINITIONS = (
					"DEBUG=1",
					"$(inherited)",
				);
				GCC_WARN_64_TO_32_BIT_CONVERSION = YES;
				GCC_WARN_ABOUT_RETURN_TYPE = YES_ERROR;
				GCC_WARN_UNDECLARED_SELECTOR = YES;
				GCC_WARN_UNINITIALIZED_AUTOS = YES_AGGRESSIVE;
				GCC_WARN_UNUSED_FUNCTION = YES;
				GCC_WARN_UNUSED_VARIABLE = YES;
				IPHONEOS_DEPLOYMENT_TARGET = 13.5;
				MTL_ENABLE_DEBUG_INFO = INCLUDE_SOURCE;
				MTL_FAST_MATH = YES;
				ONLY_ACTIVE_ARCH = YES;
				SDKROOT = iphoneos;
				SWIFT_ACTIVE_COMPILATION_CONDITIONS = DEBUG;
				SWIFT_OPTIMIZATION_LEVEL = "-Onone";
			};
			name = Debug;
		};
		477CE61B24A9FCF30018A642 /* Release */ = {
			isa = XCBuildConfiguration;
			buildSettings = {
				ALWAYS_SEARCH_USER_PATHS = NO;
				CLANG_ANALYZER_NONNULL = YES;
				CLANG_ANALYZER_NUMBER_OBJECT_CONVERSION = YES_AGGRESSIVE;
				CLANG_CXX_LANGUAGE_STANDARD = "gnu++14";
				CLANG_CXX_LIBRARY = "libc++";
				CLANG_ENABLE_MODULES = YES;
				CLANG_ENABLE_OBJC_ARC = YES;
				CLANG_ENABLE_OBJC_WEAK = YES;
				CLANG_WARN_BLOCK_CAPTURE_AUTORELEASING = YES;
				CLANG_WARN_BOOL_CONVERSION = YES;
				CLANG_WARN_COMMA = YES;
				CLANG_WARN_CONSTANT_CONVERSION = YES;
				CLANG_WARN_DEPRECATED_OBJC_IMPLEMENTATIONS = YES;
				CLANG_WARN_DIRECT_OBJC_ISA_USAGE = YES_ERROR;
				CLANG_WARN_DOCUMENTATION_COMMENTS = YES;
				CLANG_WARN_EMPTY_BODY = YES;
				CLANG_WARN_ENUM_CONVERSION = YES;
				CLANG_WARN_INFINITE_RECURSION = YES;
				CLANG_WARN_INT_CONVERSION = YES;
				CLANG_WARN_NON_LITERAL_NULL_CONVERSION = YES;
				CLANG_WARN_OBJC_IMPLICIT_RETAIN_SELF = YES;
				CLANG_WARN_OBJC_LITERAL_CONVERSION = YES;
				CLANG_WARN_OBJC_ROOT_CLASS = YES_ERROR;
				CLANG_WARN_QUOTED_INCLUDE_IN_FRAMEWORK_HEADER = YES;
				CLANG_WARN_RANGE_LOOP_ANALYSIS = YES;
				CLANG_WARN_STRICT_PROTOTYPES = YES;
				CLANG_WARN_SUSPICIOUS_MOVE = YES;
				CLANG_WARN_UNGUARDED_AVAILABILITY = YES_AGGRESSIVE;
				CLANG_WARN_UNREACHABLE_CODE = YES;
				CLANG_WARN__DUPLICATE_METHOD_MATCH = YES;
				COPY_PHASE_STRIP = NO;
				DEBUG_INFORMATION_FORMAT = "dwarf-with-dsym";
				ENABLE_NS_ASSERTIONS = NO;
				ENABLE_STRICT_OBJC_MSGSEND = YES;
				GCC_C_LANGUAGE_STANDARD = gnu11;
				GCC_NO_COMMON_BLOCKS = YES;
				GCC_WARN_64_TO_32_BIT_CONVERSION = YES;
				GCC_WARN_ABOUT_RETURN_TYPE = YES_ERROR;
				GCC_WARN_UNDECLARED_SELECTOR = YES;
				GCC_WARN_UNINITIALIZED_AUTOS = YES_AGGRESSIVE;
				GCC_WARN_UNUSED_FUNCTION = YES;
				GCC_WARN_UNUSED_VARIABLE = YES;
				IPHONEOS_DEPLOYMENT_TARGET = 13.5;
				MTL_ENABLE_DEBUG_INFO = NO;
				MTL_FAST_MATH = YES;
				SDKROOT = iphoneos;
				SWIFT_COMPILATION_MODE = wholemodule;
				SWIFT_OPTIMIZATION_LEVEL = "-O";
				VALIDATE_PRODUCT = YES;
			};
			name = Release;
		};
		477CE61D24A9FCF30018A642 /* Debug */ = {
			isa = XCBuildConfiguration;
			buildSettings = {
				ASSETCATALOG_COMPILER_APPICON_NAME = AppIcon;
				CODE_SIGN_STYLE = Automatic;
				DEVELOPMENT_TEAM = B7MN8DCB97;
				INFOPLIST_FILE = SimpleAnnotation/Info.plist;
				LD_RUNPATH_SEARCH_PATHS = (
					"$(inherited)",
					"@executable_path/Frameworks",
				);
				PRODUCT_BUNDLE_IDENTIFIER = com.aleksandr.tsebrii.SimpleAnnotation;
				PRODUCT_NAME = "$(TARGET_NAME)";
				SWIFT_VERSION = 5.0;
				TARGETED_DEVICE_FAMILY = "1,2";
			};
			name = Debug;
		};
		477CE61E24A9FCF30018A642 /* Release */ = {
			isa = XCBuildConfiguration;
			buildSettings = {
				ASSETCATALOG_COMPILER_APPICON_NAME = AppIcon;
				CODE_SIGN_STYLE = Automatic;
				DEVELOPMENT_TEAM = B7MN8DCB97;
				INFOPLIST_FILE = SimpleAnnotation/Info.plist;
				LD_RUNPATH_SEARCH_PATHS = (
					"$(inherited)",
					"@executable_path/Frameworks",
				);
				PRODUCT_BUNDLE_IDENTIFIER = com.aleksandr.tsebrii.SimpleAnnotation;
				PRODUCT_NAME = "$(TARGET_NAME)";
				SWIFT_VERSION = 5.0;
				TARGETED_DEVICE_FAMILY = "1,2";
			};
			name = Release;
		};
/* End XCBuildConfiguration section */

/* Begin XCConfigurationList section */
		477CE60024A9FCEF0018A642 /* Build configuration list for PBXProject "SimpleAnnotation" */ = {
			isa = XCConfigurationList;
			buildConfigurations = (
				477CE61A24A9FCF30018A642 /* Debug */,
				477CE61B24A9FCF30018A642 /* Release */,
			);
			defaultConfigurationIsVisible = 0;
			defaultConfigurationName = Release;
		};
		477CE61C24A9FCF30018A642 /* Build configuration list for PBXNativeTarget "SimpleAnnotation" */ = {
			isa = XCConfigurationList;
			buildConfigurations = (
				477CE61D24A9FCF30018A642 /* Debug */,
				477CE61E24A9FCF30018A642 /* Release */,
			);
			defaultConfigurationIsVisible = 0;
			defaultConfigurationName = Release;
		};
/* End XCConfigurationList section */

/* Begin XCVersionGroup section */
		477CE61124A9FCEF0018A642 /* SimpleAnnotation.xcdatamodeld */ = {
			isa = XCVersionGroup;
			children = (
				477CE61224A9FCEF0018A642 /* SimpleAnnotation.xcdatamodel */,
			);
			currentVersion = 477CE61224A9FCEF0018A642 /* SimpleAnnotation.xcdatamodel */;
			path = SimpleAnnotation.xcdatamodeld;
			sourceTree = "<group>";
			versionGroupType = wrapper.xcdatamodel;
		};
/* End XCVersionGroup section */
	};
	rootObject = 477CE5FD24A9FCEF0018A642 /* Project object */;
}
