// !$*UTF8*$!
{
	archiveVersion = 1;
	classes = {
	};
	objectVersion = 50;
	objects = {

/* Begin PBXBuildFile section */
		4742553A24E533DC00D31DD5 /* HighlightController.swift in Sources */ = {isa = PBXBuildFile; fileRef = 4742553924E533DC00D31DD5 /* HighlightController.swift */; };
		4742553C24E6B03300D31DD5 /* ShapesController.swift in Sources */ = {isa = PBXBuildFile; fileRef = 4742553B24E6B03300D31DD5 /* ShapesController.swift */; };
		477CE60924A9FCEF0018A642 /* AppDelegate.swift in Sources */ = {isa = PBXBuildFile; fileRef = 477CE60824A9FCEF0018A642 /* AppDelegate.swift */; };
		477CE60B24A9FCEF0018A642 /* SceneDelegate.swift in Sources */ = {isa = PBXBuildFile; fileRef = 477CE60A24A9FCEF0018A642 /* SceneDelegate.swift */; };
		477CE60D24A9FCEF0018A642 /* AnnotationController.swift in Sources */ = {isa = PBXBuildFile; fileRef = 477CE60C24A9FCEF0018A642 /* AnnotationController.swift */; };
		477CE61024A9FCEF0018A642 /* Main.storyboard in Resources */ = {isa = PBXBuildFile; fileRef = 477CE60E24A9FCEF0018A642 /* Main.storyboard */; };
		477CE61324A9FCEF0018A642 /* SimpleAnnotation.xcdatamodeld in Sources */ = {isa = PBXBuildFile; fileRef = 477CE61124A9FCEF0018A642 /* SimpleAnnotation.xcdatamodeld */; };
		477CE61524A9FCF30018A642 /* Assets.xcassets in Resources */ = {isa = PBXBuildFile; fileRef = 477CE61424A9FCF30018A642 /* Assets.xcassets */; };
		477CE61824A9FCF30018A642 /* LaunchScreen.storyboard in Resources */ = {isa = PBXBuildFile; fileRef = 477CE61624A9FCF30018A642 /* LaunchScreen.storyboard */; };
		477CE62024AA045E0018A642 /* PenController.swift in Sources */ = {isa = PBXBuildFile; fileRef = 477CE61F24AA045E0018A642 /* PenController.swift */; };
		477CE62224AA04830018A642 /* MarkerController.swift in Sources */ = {isa = PBXBuildFile; fileRef = 477CE62124AA04830018A642 /* MarkerController.swift */; };
		477CE62424AA04AD0018A642 /* Line.swift in Sources */ = {isa = PBXBuildFile; fileRef = 477CE62324AA04AD0018A642 /* Line.swift */; };
		477CE62624AA04D40018A642 /* CanvasView.swift in Sources */ = {isa = PBXBuildFile; fileRef = 477CE62524AA04D40018A642 /* CanvasView.swift */; };
		477CE62824AA1A9B0018A642 /* Extensions.swift in Sources */ = {isa = PBXBuildFile; fileRef = 477CE62724AA1A9B0018A642 /* Extensions.swift */; };
		477CE62B24AA484F0018A642 /* sample.pdf in Resources */ = {isa = PBXBuildFile; fileRef = 477CE62A24AA484F0018A642 /* sample.pdf */; };
		477CE62D24AA4AAE0018A642 /* Constants.swift in Sources */ = {isa = PBXBuildFile; fileRef = 477CE62C24AA4AAE0018A642 /* Constants.swift */; };
		477CE62F24AB618A0018A642 /* TestController.swift in Sources */ = {isa = PBXBuildFile; fileRef = 477CE62E24AB618A0018A642 /* TestController.swift */; };
		477CE63324B34CC70018A642 /* SimpleCanvasView.swift in Sources */ = {isa = PBXBuildFile; fileRef = 477CE63224B34CC70018A642 /* SimpleCanvasView.swift */; };
		477CE63524B367E50018A642 /* CachedCanvasView.swift in Sources */ = {isa = PBXBuildFile; fileRef = 477CE63424B367E50018A642 /* CachedCanvasView.swift */; };
		477CE63724B372F60018A642 /* ImprovedCanvasView.swift in Sources */ = {isa = PBXBuildFile; fileRef = 477CE63624B372F60018A642 /* ImprovedCanvasView.swift */; };
		477CE63924B3789B0018A642 /* SmoothedCanvasView.swift in Sources */ = {isa = PBXBuildFile; fileRef = 477CE63824B3789B0018A642 /* SmoothedCanvasView.swift */; };
		477CE63B24B37B9A0018A642 /* TestCanvasView.swift in Sources */ = {isa = PBXBuildFile; fileRef = 477CE63A24B37B9A0018A642 /* TestCanvasView.swift */; };
/* End PBXBuildFile section */

/* Begin PBXFileReference section */
		4742553924E533DC00D31DD5 /* HighlightController.swift */ = {isa = PBXFileReference; lastKnownFileType = sourcecode.swift; path = HighlightController.swift; sourceTree = "<group>"; };
		4742553B24E6B03300D31DD5 /* ShapesController.swift */ = {isa = PBXFileReference; lastKnownFileType = sourcecode.swift; path = ShapesController.swift; sourceTree = "<group>"; };
		477CE60524A9FCEF0018A642 /* SimpleAnnotation.app */ = {isa = PBXFileReference; explicitFileType = wrapper.application; includeInIndex = 0; path = SimpleAnnotation.app; sourceTree = BUILT_PRODUCTS_DIR; };
		477CE60824A9FCEF0018A642 /* AppDelegate.swift */ = {isa = PBXFileReference; lastKnownFileType = sourcecode.swift; path = AppDelegate.swift; sourceTree = "<group>"; };
		477CE60A24A9FCEF0018A642 /* SceneDelegate.swift */ = {isa = PBXFileReference; lastKnownFileType = sourcecode.swift; path = SceneDelegate.swift; sourceTree = "<group>"; };
		477CE60C24A9FCEF0018A642 /* AnnotationController.swift */ = {isa = PBXFileReference; lastKnownFileType = sourcecode.swift; path = AnnotationController.swift; sourceTree = "<group>"; };
		477CE60F24A9FCEF0018A642 /* Base */ = {isa = PBXFileReference; lastKnownFileType = file.storyboard; name = Base; path = Base.lproj/Main.storyboard; sourceTree = "<group>"; };
		477CE61224A9FCEF0018A642 /* SimpleAnnotation.xcdatamodel */ = {isa = PBXFileReference; lastKnownFileType = wrapper.xcdatamodel; path = SimpleAnnotation.xcdatamodel; sourceTree = "<group>"; };
		477CE61424A9FCF30018A642 /* Assets.xcassets */ = {isa = PBXFileReference; lastKnownFileType = folder.assetcatalog; path = Assets.xcassets; sourceTree = "<group>"; };
		477CE61724A9FCF30018A642 /* Base */ = {isa = PBXFileReference; lastKnownFileType = file.storyboard; name = Base; path = Base.lproj/LaunchScreen.storyboard; sourceTree = "<group>"; };
		477CE61924A9FCF30018A642 /* Info.plist */ = {isa = PBXFileReference; lastKnownFileType = text.plist.xml; path = Info.plist; sourceTree = "<group>"; };
		477CE61F24AA045E0018A642 /* PenController.swift */ = {isa = PBXFileReference; lastKnownFileType = sourcecode.swift; path = PenController.swift; sourceTree = "<group>"; };
		477CE62124AA04830018A642 /* MarkerController.swift */ = {isa = PBXFileReference; lastKnownFileType = sourcecode.swift; path = MarkerController.swift; sourceTree = "<group>"; };
		477CE62324AA04AD0018A642 /* Line.swift */ = {isa = PBXFileReference; lastKnownFileType = sourcecode.swift; path = Line.swift; sourceTree = "<group>"; };
		477CE62524AA04D40018A642 /* CanvasView.swift */ = {isa = PBXFileReference; lastKnownFileType = sourcecode.swift; path = CanvasView.swift; sourceTree = "<group>"; };
		477CE62724AA1A9B0018A642 /* Extensions.swift */ = {isa = PBXFileReference; lastKnownFileType = sourcecode.swift; path = Extensions.swift; sourceTree = "<group>"; };
		477CE62A24AA484F0018A642 /* sample.pdf */ = {isa = PBXFileReference; lastKnownFileType = image.pdf; path = sample.pdf; sourceTree = "<group>"; };
		477CE62C24AA4AAE0018A642 /* Constants.swift */ = {isa = PBXFileReference; lastKnownFileType = sourcecode.swift; path = Constants.swift; sourceTree = "<group>"; };
		477CE62E24AB618A0018A642 /* TestController.swift */ = {isa = PBXFileReference; lastKnownFileType = sourcecode.swift; path = TestController.swift; sourceTree = "<group>"; };
		477CE63224B34CC70018A642 /* SimpleCanvasView.swift */ = {isa = PBXFileReference; lastKnownFileType = sourcecode.swift; path = SimpleCanvasView.swift; sourceTree = "<group>"; };
		477CE63424B367E50018A642 /* CachedCanvasView.swift */ = {isa = PBXFileReference; lastKnownFileType = sourcecode.swift; path = CachedCanvasView.swift; sourceTree = "<group>"; };
		477CE63624B372F60018A642 /* ImprovedCanvasView.swift */ = {isa = PBXFileReference; lastKnownFileType = sourcecode.swift; path = ImprovedCanvasView.swift; sourceTree = "<group>"; };
		477CE63824B3789B0018A642 /* SmoothedCanvasView.swift */ = {isa = PBXFileReference; lastKnownFileType = sourcecode.swift; path = SmoothedCanvasView.swift; sourceTree = "<group>"; };
		477CE63A24B37B9A0018A642 /* TestCanvasView.swift */ = {isa = PBXFileReference; lastKnownFileType = sourcecode.swift; path = TestCanvasView.swift; sourceTree = "<group>"; };
/* End PBXFileReference section */

/* Begin PBXFrameworksBuildPhase section */
		477CE60224A9FCEF0018A642 /* Frameworks */ = {
			isa = PBXFrameworksBuildPhase;
			buildActionMask = 2147483647;
			files = (
			);
			runOnlyForDeploymentPostprocessing = 0;
		};
/* End PBXFrameworksBuildPhase section */

/* Begin PBXGroup section */
		477CE5FC24A9FCEF0018A642 = {
			isa = PBXGroup;
			children = (
				477CE60724A9FCEF0018A642 /* SimpleAnnotation */,
				477CE60624A9FCEF0018A642 /* Products */,
			);
			sourceTree = "<group>";
		};
		477CE60624A9FCEF0018A642 /* Products */ = {
			isa = PBXGroup;
			children = (
				477CE60524A9FCEF0018A642 /* SimpleAnnotation.app */,
			);
			name = Products;
			sourceTree = "<group>";
		};
		477CE60724A9FCEF0018A642 /* SimpleAnnotation */ = {
			isa = PBXGroup;
			children = (
				477CE60824A9FCEF0018A642 /* AppDelegate.swift */,
				477CE60A24A9FCEF0018A642 /* SceneDelegate.swift */,
				47FDFF7924C1F2C200EE6C4E /* Helper */,
				47FDFF7B24C1F6C100EE6C4E /* Structures */,
				47FDFF7C24C1F6F400EE6C4E /* Views */,
				47FDFF7D24C1F6FF00EE6C4E /* Controllers */,
				47FDFF7A24C1F6AA00EE6C4E /* Test */,
				477CE60E24A9FCEF0018A642 /* Main.storyboard */,
				477CE61424A9FCF30018A642 /* Assets.xcassets */,
				477CE62A24AA484F0018A642 /* sample.pdf */,
				477CE61624A9FCF30018A642 /* LaunchScreen.storyboard */,
				477CE61924A9FCF30018A642 /* Info.plist */,
				477CE61124A9FCEF0018A642 /* SimpleAnnotation.xcdatamodeld */,
			);
			path = SimpleAnnotation;
			sourceTree = "<group>";
		};
		47FDFF7924C1F2C200EE6C4E /* Helper */ = {
			isa = PBXGroup;
			children = (
				477CE62724AA1A9B0018A642 /* Extensions.swift */,
				477CE62C24AA4AAE0018A642 /* Constants.swift */,
			);
			path = Helper;
			sourceTree = "<group>";
		};
		47FDFF7A24C1F6AA00EE6C4E /* Test */ = {
			isa = PBXGroup;
			children = (
				477CE63224B34CC70018A642 /* SimpleCanvasView.swift */,
				477CE63424B367E50018A642 /* CachedCanvasView.swift */,
				477CE63624B372F60018A642 /* ImprovedCanvasView.swift */,
				477CE63824B3789B0018A642 /* SmoothedCanvasView.swift */,
				477CE63A24B37B9A0018A642 /* TestCanvasView.swift */,
				477CE62E24AB618A0018A642 /* TestController.swift */,
			);
			path = Test;
			sourceTree = "<group>";
		};
		47FDFF7B24C1F6C100EE6C4E /* Structures */ = {
			isa = PBXGroup;
			children = (
				477CE62324AA04AD0018A642 /* Line.swift */,
			);
			path = Structures;
			sourceTree = "<group>";
		};
		47FDFF7C24C1F6F400EE6C4E /* Views */ = {
			isa = PBXGroup;
			children = (
				477CE62524AA04D40018A642 /* CanvasView.swift */,
			);
			path = Views;
			sourceTree = "<group>";
		};
		47FDFF7D24C1F6FF00EE6C4E /* Controllers */ = {
			isa = PBXGroup;
			children = (
				477CE60C24A9FCEF0018A642 /* AnnotationController.swift */,
				477CE61F24AA045E0018A642 /* PenController.swift */,
				477CE62124AA04830018A642 /* MarkerController.swift */,
				4742553924E533DC00D31DD5 /* HighlightController.swift */,
				4742553B24E6B03300D31DD5 /* ShapesController.swift */,
			);
			path = Controllers;
			sourceTree = "<group>";
		};
/* End PBXGroup section */

/* Begin PBXNativeTarget section */
		477CE60424A9FCEF0018A642 /* SimpleAnnotation */ = {
			isa = PBXNativeTarget;
			buildConfigurationList = 477CE61C24A9FCF30018A642 /* Build configuration list for PBXNativeTarget "SimpleAnnotation" */;
			buildPhases = (
				477CE60124A9FCEF0018A642 /* Sources */,
				477CE60224A9FCEF0018A642 /* Frameworks */,
				477CE60324A9FCEF0018A642 /* Resources */,
			);
			buildRules = (
			);
			dependencies = (
			);
			name = SimpleAnnotation;
			productName = SimpleAnnotation;
			productReference = 477CE60524A9FCEF0018A642 /* SimpleAnnotation.app */;
			productType = "com.apple.product-type.application";
		};
/* End PBXNativeTarget section */

/* Begin PBXProject section */
		477CE5FD24A9FCEF0018A642 /* Project object */ = {
			isa = PBXProject;
			attributes = {
				LastSwiftUpdateCheck = 1150;
				LastUpgradeCheck = 1150;
				ORGANIZATIONNAME = "Aleksandr Tsebrii";
				TargetAttributes = {
					477CE60424A9FCEF0018A642 = {
						CreatedOnToolsVersion = 11.5;
					};
				};
			};
			buildConfigurationList = 477CE60024A9FCEF0018A642 /* Build configuration list for PBXProject "SimpleAnnotation" */;
			compatibilityVersion = "Xcode 9.3";
			developmentRegion = en;
			hasScannedForEncodings = 0;
			knownRegions = (
				en,
				Base,
			);
			mainGroup = 477CE5FC24A9FCEF0018A642;
			productRefGroup = 477CE60624A9FCEF0018A642 /* Products */;
			projectDirPath = "";
			projectRoot = "";
			targets = (
				477CE60424A9FCEF0018A642 /* SimpleAnnotation */,
			);
		};
/* End PBXProject section */

/* Begin PBXResourcesBuildPhase section */
		477CE60324A9FCEF0018A642 /* Resources */ = {
			isa = PBXResourcesBuildPhase;
			buildActionMask = 2147483647;
			files = (
				477CE62B24AA484F0018A642 /* sample.pdf in Resources */,
				477CE61824A9FCF30018A642 /* LaunchScreen.storyboard in Resources */,
				477CE61524A9FCF30018A642 /* Assets.xcassets in Resources */,
				477CE61024A9FCEF0018A642 /* Main.storyboard in Resources */,
			);
			runOnlyForDeploymentPostprocessing = 0;
		};
/* End PBXResourcesBuildPhase section */

/* Begin PBXSourcesBuildPhase section */
		477CE60124A9FCEF0018A642 /* Sources */ = {
			isa = PBXSourcesBuildPhase;
			buildActionMask = 2147483647;
			files = (
				477CE63724B372F60018A642 /* ImprovedCanvasView.swift in Sources */,
				477CE60D24A9FCEF0018A642 /* AnnotationController.swift in Sources */,
				477CE62824AA1A9B0018A642 /* Extensions.swift in Sources */,
				477CE62224AA04830018A642 /* MarkerController.swift in Sources */,
				477CE63524B367E50018A642 /* CachedCanvasView.swift in Sources */,
				477CE62F24AB618A0018A642 /* TestController.swift in Sources */,
				477CE63B24B37B9A0018A642 /* TestCanvasView.swift in Sources */,
				4742553A24E533DC00D31DD5 /* HighlightController.swift in Sources */,
				477CE62624AA04D40018A642 /* CanvasView.swift in Sources */,
				477CE60924A9FCEF0018A642 /* AppDelegate.swift in Sources */,
				477CE63324B34CC70018A642 /* SimpleCanvasView.swift in Sources */,
				477CE62D24AA4AAE0018A642 /* Constants.swift in Sources */,
				477CE62024AA045E0018A642 /* PenController.swift in Sources */,
				477CE63924B3789B0018A642 /* SmoothedCanvasView.swift in Sources */,
				477CE61324A9FCEF0018A642 /* SimpleAnnotation.xcdatamodeld in Sources */,
				4742553C24E6B03300D31DD5 /* ShapesController.swift in Sources */,
				477CE62424AA04AD0018A642 /* Line.swift in Sources */,
				477CE60B24A9FCEF0018A642 /* SceneDelegate.swift in Sources */,
			);
			runOnlyForDeploymentPostprocessing = 0;
		};
/* End PBXSourcesBuildPhase section */

/* Begin PBXVariantGroup section */
		477CE60E24A9FCEF0018A642 /* Main.storyboard */ = {
			isa = PBXVariantGroup;
			children = (
				477CE60F24A9FCEF0018A642 /* Base */,
			);
			name = Main.storyboard;
			sourceTree = "<group>";
		};
		477CE61624A9FCF30018A642 /* LaunchScreen.storyboard */ = {
			isa = PBXVariantGroup;
			children = (
				477CE61724A9FCF30018A642 /* Base */,
			);
			name = LaunchScreen.storyboard;
			sourceTree = "<group>";
		};
/* End PBXVariantGroup section */

/* Begin XCBuildConfiguration section */
		477CE61A24A9FCF30018A642 /* Debug */ = {
			isa = XCBuildConfiguration;
			buildSettings = {
				ALWAYS_SEARCH_USER_PATHS = NO;
				CLANG_ANALYZER_NONNULL = YES;
				CLANG_ANALYZER_NUMBER_OBJECT_CONVERSION = YES_AGGRESSIVE;
				CLANG_CXX_LANGUAGE_STANDARD = "gnu++14";
				CLANG_CXX_LIBRARY = "libc++";
				CLANG_ENABLE_MODULES = YES;
				CLANG_ENABLE_OBJC_ARC = YES;
				CLANG_ENABLE_OBJC_WEAK = YES;
				CLANG_WARN_BLOCK_CAPTURE_AUTORELEASING = YES;
				CLANG_WARN_BOOL_CONVERSION = YES;
				CLANG_WARN_COMMA = YES;
				CLANG_WARN_CONSTANT_CONVERSION = YES;
				CLANG_WARN_DEPRECATED_OBJC_IMPLEMENTATIONS = YES;
				CLANG_WARN_DIRECT_OBJC_ISA_USAGE = YES_ERROR;
				CLANG_WARN_DOCUMENTATION_COMMENTS = YES;
				CLANG_WARN_EMPTY_BODY = YES;
				CLANG_WARN_ENUM_CONVERSION = YES;
				CLANG_WARN_INFINITE_RECURSION = YES;
				CLANG_WARN_INT_CONVERSION = YES;
				CLANG_WARN_NON_LITERAL_NULL_CONVERSION = YES;
				CLANG_WARN_OBJC_IMPLICIT_RETAIN_SELF = YES;
				CLANG_WARN_OBJC_LITERAL_CONVERSION = YES;
				CLANG_WARN_OBJC_ROOT_CLASS = YES_ERROR;
				CLANG_WARN_RANGE_LOOP_ANALYSIS = YES;
				CLANG_WARN_STRICT_PROTOTYPES = YES;
				CLANG_WARN_SUSPICIOUS_MOVE = YES;
				CLANG_WARN_UNGUARDED_AVAILABILITY = YES_AGGRESSIVE;
				CLANG_WARN_UNREACHABLE_CODE = YES;
				CLANG_WARN__DUPLICATE_METHOD_MATCH = YES;
				COPY_PHASE_STRIP = NO;
				DEBUG_INFORMATION_FORMAT = dwarf;
				ENABLE_STRICT_OBJC_MSGSEND = YES;
				ENABLE_TESTABILITY = YES;
				GCC_C_LANGUAGE_STANDARD = gnu11;
				GCC_DYNAMIC_NO_PIC = NO;
				GCC_NO_COMMON_BLOCKS = YES;
				GCC_OPTIMIZATION_LEVEL = 0;
				GCC_PREPROCESSOR_DEFINITIONS = (
					"DEBUG=1",
					"$(inherited)",
				);
				GCC_WARN_64_TO_32_BIT_CONVERSION = YES;
				GCC_WARN_ABOUT_RETURN_TYPE = YES_ERROR;
				GCC_WARN_UNDECLARED_SELECTOR = YES;
				GCC_WARN_UNINITIALIZED_AUTOS = YES_AGGRESSIVE;
				GCC_WARN_UNUSED_FUNCTION = YES;
				GCC_WARN_UNUSED_VARIABLE = YES;
				IPHONEOS_DEPLOYMENT_TARGET = 13.5;
				MTL_ENABLE_DEBUG_INFO = INCLUDE_SOURCE;
				MTL_FAST_MATH = YES;
				ONLY_ACTIVE_ARCH = YES;
				SDKROOT = iphoneos;
				SWIFT_ACTIVE_COMPILATION_CONDITIONS = DEBUG;
				SWIFT_OPTIMIZATION_LEVEL = "-Onone";
			};
			name = Debug;
		};
		477CE61B24A9FCF30018A642 /* Release */ = {
			isa = XCBuildConfiguration;
			buildSettings = {
				ALWAYS_SEARCH_USER_PATHS = NO;
				CLANG_ANALYZER_NONNULL = YES;
				CLANG_ANALYZER_NUMBER_OBJECT_CONVERSION = YES_AGGRESSIVE;
				CLANG_CXX_LANGUAGE_STANDARD = "gnu++14";
				CLANG_CXX_LIBRARY = "libc++";
				CLANG_ENABLE_MODULES = YES;
				CLANG_ENABLE_OBJC_ARC = YES;
				CLANG_ENABLE_OBJC_WEAK = YES;
				CLANG_WARN_BLOCK_CAPTURE_AUTORELEASING = YES;
				CLANG_WARN_BOOL_CONVERSION = YES;
				CLANG_WARN_COMMA = YES;
				CLANG_WARN_CONSTANT_CONVERSION = YES;
				CLANG_WARN_DEPRECATED_OBJC_IMPLEMENTATIONS = YES;
				CLANG_WARN_DIRECT_OBJC_ISA_USAGE = YES_ERROR;
				CLANG_WARN_DOCUMENTATION_COMMENTS = YES;
				CLANG_WARN_EMPTY_BODY = YES;
				CLANG_WARN_ENUM_CONVERSION = YES;
				CLANG_WARN_INFINITE_RECURSION = YES;
				CLANG_WARN_INT_CONVERSION = YES;
				CLANG_WARN_NON_LITERAL_NULL_CONVERSION = YES;
				CLANG_WARN_OBJC_IMPLICIT_RETAIN_SELF = YES;
				CLANG_WARN_OBJC_LITERAL_CONVERSION = YES;
				CLANG_WARN_OBJC_ROOT_CLASS = YES_ERROR;
				CLANG_WARN_RANGE_LOOP_ANALYSIS = YES;
				CLANG_WARN_STRICT_PROTOTYPES = YES;
				CLANG_WARN_SUSPICIOUS_MOVE = YES;
				CLANG_WARN_UNGUARDED_AVAILABILITY = YES_AGGRESSIVE;
				CLANG_WARN_UNREACHABLE_CODE = YES;
				CLANG_WARN__DUPLICATE_METHOD_MATCH = YES;
				COPY_PHASE_STRIP = NO;
				DEBUG_INFORMATION_FORMAT = "dwarf-with-dsym";
				ENABLE_NS_ASSERTIONS = NO;
				ENABLE_STRICT_OBJC_MSGSEND = YES;
				GCC_C_LANGUAGE_STANDARD = gnu11;
				GCC_NO_COMMON_BLOCKS = YES;
				GCC_WARN_64_TO_32_BIT_CONVERSION = YES;
				GCC_WARN_ABOUT_RETURN_TYPE = YES_ERROR;
				GCC_WARN_UNDECLARED_SELECTOR = YES;
				GCC_WARN_UNINITIALIZED_AUTOS = YES_AGGRESSIVE;
				GCC_WARN_UNUSED_FUNCTION = YES;
				GCC_WARN_UNUSED_VARIABLE = YES;
				IPHONEOS_DEPLOYMENT_TARGET = 13.5;
				MTL_ENABLE_DEBUG_INFO = NO;
				MTL_FAST_MATH = YES;
				SDKROOT = iphoneos;
				SWIFT_COMPILATION_MODE = wholemodule;
				SWIFT_OPTIMIZATION_LEVEL = "-O";
				VALIDATE_PRODUCT = YES;
			};
			name = Release;
		};
		477CE61D24A9FCF30018A642 /* Debug */ = {
			isa = XCBuildConfiguration;
			buildSettings = {
				ASSETCATALOG_COMPILER_APPICON_NAME = AppIcon;
				CODE_SIGN_STYLE = Automatic;
				DEVELOPMENT_TEAM = B7MN8DCB97;
				INFOPLIST_FILE = SimpleAnnotation/Info.plist;
				LD_RUNPATH_SEARCH_PATHS = (
					"$(inherited)",
					"@executable_path/Frameworks",
				);
				PRODUCT_BUNDLE_IDENTIFIER = com.aleksandr.tsebrii.SimpleAnnotation;
				PRODUCT_NAME = "$(TARGET_NAME)";
				SWIFT_VERSION = 5.0;
				TARGETED_DEVICE_FAMILY = "1,2";
			};
			name = Debug;
		};
		477CE61E24A9FCF30018A642 /* Release */ = {
			isa = XCBuildConfiguration;
			buildSettings = {
				ASSETCATALOG_COMPILER_APPICON_NAME = AppIcon;
				CODE_SIGN_STYLE = Automatic;
				DEVELOPMENT_TEAM = B7MN8DCB97;
				INFOPLIST_FILE = SimpleAnnotation/Info.plist;
				LD_RUNPATH_SEARCH_PATHS = (
					"$(inherited)",
					"@executable_path/Frameworks",
				);
				PRODUCT_BUNDLE_IDENTIFIER = com.aleksandr.tsebrii.SimpleAnnotation;
				PRODUCT_NAME = "$(TARGET_NAME)";
				SWIFT_VERSION = 5.0;
				TARGETED_DEVICE_FAMILY = "1,2";
			};
			name = Release;
		};
/* End XCBuildConfiguration section */

/* Begin XCConfigurationList section */
		477CE60024A9FCEF0018A642 /* Build configuration list for PBXProject "SimpleAnnotation" */ = {
			isa = XCConfigurationList;
			buildConfigurations = (
				477CE61A24A9FCF30018A642 /* Debug */,
				477CE61B24A9FCF30018A642 /* Release */,
			);
			defaultConfigurationIsVisible = 0;
			defaultConfigurationName = Release;
		};
		477CE61C24A9FCF30018A642 /* Build configuration list for PBXNativeTarget "SimpleAnnotation" */ = {
			isa = XCConfigurationList;
			buildConfigurations = (
				477CE61D24A9FCF30018A642 /* Debug */,
				477CE61E24A9FCF30018A642 /* Release */,
			);
			defaultConfigurationIsVisible = 0;
			defaultConfigurationName = Release;
		};
/* End XCConfigurationList section */

/* Begin XCVersionGroup section */
		477CE61124A9FCEF0018A642 /* SimpleAnnotation.xcdatamodeld */ = {
			isa = XCVersionGroup;
			children = (
				477CE61224A9FCEF0018A642 /* SimpleAnnotation.xcdatamodel */,
			);
			currentVersion = 477CE61224A9FCEF0018A642 /* SimpleAnnotation.xcdatamodel */;
			path = SimpleAnnotation.xcdatamodeld;
			sourceTree = "<group>";
			versionGroupType = wrapper.xcdatamodel;
		};
/* End XCVersionGroup section */
	};
	rootObject = 477CE5FD24A9FCEF0018A642 /* Project object */;
}
